// !$*UTF8*$!
{
	archiveVersion = 1;
	classes = {
	};
	objectVersion = 46;
	objects = {

/* Begin PBXBuildFile section */
		2A0E63571B600AD30083BC65 /* AppDelegate.swift in Sources */ = {isa = PBXBuildFile; fileRef = 2A0E63561B600AD30083BC65 /* AppDelegate.swift */; };
		2A0E635E1B600AD30083BC65 /* Assets.xcassets in Resources */ = {isa = PBXBuildFile; fileRef = 2A0E635D1B600AD30083BC65 /* Assets.xcassets */; };
		2A0E63611B600AD30083BC65 /* LaunchScreen.storyboard in Resources */ = {isa = PBXBuildFile; fileRef = 2A0E635F1B600AD30083BC65 /* LaunchScreen.storyboard */; };
		2A258CCA1B67506F00ED30AA /* FormerTextViewCell.swift in Sources */ = {isa = PBXBuildFile; fileRef = 2A258CC91B67506F00ED30AA /* FormerTextViewCell.swift */; };
		2A262B0E1B73B96100AAB3F1 /* DefaultExampleViewController.swift in Sources */ = {isa = PBXBuildFile; fileRef = 2A262B0D1B73B96100AAB3F1 /* DefaultExampleViewController.swift */; };
		2A5EEBDC1B6558220049FB45 /* SwitchRowFormer.swift in Sources */ = {isa = PBXBuildFile; fileRef = 2A5EEBDB1B6558220049FB45 /* SwitchRowFormer.swift */; };
		2A61586C1B6561A10065AFD3 /* FormerSwitchCell.swift in Sources */ = {isa = PBXBuildFile; fileRef = 2A61586B1B6561A10065AFD3 /* FormerSwitchCell.swift */; };
		2A63E7481B6A866B00985361 /* SliderRowFormer.swift in Sources */ = {isa = PBXBuildFile; fileRef = 2A63E7471B6A866B00985361 /* SliderRowFormer.swift */; };
		2A63E74A1B6A89D500985361 /* FormerSliderCell.swift in Sources */ = {isa = PBXBuildFile; fileRef = 2A63E7491B6A89D500985361 /* FormerSliderCell.swift */; };
		2A89009F1B71BD1700101657 /* DefaultUIViewController.swift in Sources */ = {isa = PBXBuildFile; fileRef = 2A89009E1B71BD1700101657 /* DefaultUIViewController.swift */; };
		2A8900A11B71BD2D00101657 /* TopViewController.swift in Sources */ = {isa = PBXBuildFile; fileRef = 2A8900A01B71BD2D00101657 /* TopViewController.swift */; };
		2A8900A41B71CCDB00101657 /* UIColorExt.swift in Sources */ = {isa = PBXBuildFile; fileRef = 2A8900A31B71CCDB00101657 /* UIColorExt.swift */; };
		2A8B737D1B6D7D78009252F7 /* PickerRowFormer.swift in Sources */ = {isa = PBXBuildFile; fileRef = 2A8B737C1B6D7D78009252F7 /* PickerRowFormer.swift */; };
		2A8B737F1B6D8B0A009252F7 /* FormerPickerCell.swift in Sources */ = {isa = PBXBuildFile; fileRef = 2A8B737E1B6D8B0A009252F7 /* FormerPickerCell.swift */; };
		2A8B73831B6D8E5B009252F7 /* InlinePickerRowFormer.swift in Sources */ = {isa = PBXBuildFile; fileRef = 2A8B73821B6D8E5B009252F7 /* InlinePickerRowFormer.swift */; };
		2A8B73851B6D922A009252F7 /* FormerInlinePickerCell.swift in Sources */ = {isa = PBXBuildFile; fileRef = 2A8B73841B6D922A009252F7 /* FormerInlinePickerCell.swift */; };
		2A8F62731B6BD70F00860BE6 /* DatePickerRowFormer.swift in Sources */ = {isa = PBXBuildFile; fileRef = 2A8F62721B6BD70F00860BE6 /* DatePickerRowFormer.swift */; };
		2A8F62751B6BDBDE00860BE6 /* FormerDatePickerCell.swift in Sources */ = {isa = PBXBuildFile; fileRef = 2A8F62741B6BDBDE00860BE6 /* FormerDatePickerCell.swift */; };
		2A8F62771B6C06AA00860BE6 /* InlineDatePickerRowFormer.swift in Sources */ = {isa = PBXBuildFile; fileRef = 2A8F62761B6C06AA00860BE6 /* InlineDatePickerRowFormer.swift */; };
		2A8F627B1B6C13B700860BE6 /* FormerInlineDatePickerCell.swift in Sources */ = {isa = PBXBuildFile; fileRef = 2A8F627A1B6C13B700860BE6 /* FormerInlineDatePickerCell.swift */; };
		2AA46CCC1B692B7800909F61 /* StepperRowFormer.swift in Sources */ = {isa = PBXBuildFile; fileRef = 2AA46CCB1B692B7800909F61 /* StepperRowFormer.swift */; };
		2AA46CCE1B69304F00909F61 /* FormerStepperCell.swift in Sources */ = {isa = PBXBuildFile; fileRef = 2AA46CCD1B69304F00909F61 /* FormerStepperCell.swift */; };
		2AA46CD01B693A6C00909F61 /* SegmentedRowFormer.swift in Sources */ = {isa = PBXBuildFile; fileRef = 2AA46CCF1B693A6C00909F61 /* SegmentedRowFormer.swift */; };
		2AA46CD21B69412700909F61 /* FormerSegmentedCell.swift in Sources */ = {isa = PBXBuildFile; fileRef = 2AA46CD11B69412700909F61 /* FormerSegmentedCell.swift */; };
		2AB7BF531B789F8A00AF0B9E /* FormerObserver.swift in Sources */ = {isa = PBXBuildFile; fileRef = 2AB7BF521B789F8A00AF0B9E /* FormerObserver.swift */; };
		2AD841861B64A0F4003A10FF /* FormerCell.swift in Sources */ = {isa = PBXBuildFile; fileRef = 2AD8416C1B64A0F4003A10FF /* FormerCell.swift */; };
		2AD841871B64A0F4003A10FF /* FormerCheckCell.swift in Sources */ = {isa = PBXBuildFile; fileRef = 2AD8416D1B64A0F4003A10FF /* FormerCheckCell.swift */; };
		2AD841881B64A0F4003A10FF /* FormerTextCell.swift in Sources */ = {isa = PBXBuildFile; fileRef = 2AD8416E1B64A0F4003A10FF /* FormerTextCell.swift */; };
		2AD841891B64A0F4003A10FF /* FormerTextFieldCell.swift in Sources */ = {isa = PBXBuildFile; fileRef = 2AD8416F1B64A0F4003A10FF /* FormerTextFieldCell.swift */; };
		2AD8418A1B64A0F4003A10FF /* Former.swift in Sources */ = {isa = PBXBuildFile; fileRef = 2AD841711B64A0F4003A10FF /* Former.swift */; };
		2AD8418C1B64A0F4003A10FF /* SectionFormer.swift in Sources */ = {isa = PBXBuildFile; fileRef = 2AD841731B64A0F4003A10FF /* SectionFormer.swift */; };
		2AD8418D1B64A0F4003A10FF /* FomerViewController.swift in Sources */ = {isa = PBXBuildFile; fileRef = 2AD841751B64A0F4003A10FF /* FomerViewController.swift */; };
		2AD8418E1B64A0F4003A10FF /* TextViewFormer.swift in Sources */ = {isa = PBXBuildFile; fileRef = 2AD841771B64A0F4003A10FF /* TextViewFormer.swift */; };
		2AD8418F1B64A0F4003A10FF /* ViewFormer.swift in Sources */ = {isa = PBXBuildFile; fileRef = 2AD841781B64A0F4003A10FF /* ViewFormer.swift */; };
		2AD841901B64A0F4003A10FF /* Operators.swift in Sources */ = {isa = PBXBuildFile; fileRef = 2AD8417A1B64A0F4003A10FF /* Operators.swift */; };
		2AD841911B64A0F4003A10FF /* UITableViewCellExt.swift in Sources */ = {isa = PBXBuildFile; fileRef = 2AD8417B1B64A0F4003A10FF /* UITableViewCellExt.swift */; };
		2AD841921B64A0F4003A10FF /* UITableViewHeaderFooterViewExt.swift in Sources */ = {isa = PBXBuildFile; fileRef = 2AD8417C1B64A0F4003A10FF /* UITableViewHeaderFooterViewExt.swift */; };
		2AD841931B64A0F4003A10FF /* CheckRowFormer.swift in Sources */ = {isa = PBXBuildFile; fileRef = 2AD8417E1B64A0F4003A10FF /* CheckRowFormer.swift */; };
		2AD841941B64A0F4003A10FF /* RowFormer.swift in Sources */ = {isa = PBXBuildFile; fileRef = 2AD8417F1B64A0F4003A10FF /* RowFormer.swift */; };
		2AD841951B64A0F4003A10FF /* TextFieldRowFormer.swift in Sources */ = {isa = PBXBuildFile; fileRef = 2AD841801B64A0F4003A10FF /* TextFieldRowFormer.swift */; };
		2AD841961B64A0F4003A10FF /* TextRowFormer.swift in Sources */ = {isa = PBXBuildFile; fileRef = 2AD841811B64A0F4003A10FF /* TextRowFormer.swift */; };
		2AD841971B64A0F4003A10FF /* FormerHeaderFooterView.swift in Sources */ = {isa = PBXBuildFile; fileRef = 2AD841831B64A0F4003A10FF /* FormerHeaderFooterView.swift */; };
		2AD841981B64A0F4003A10FF /* FormerTextFooterView.swift in Sources */ = {isa = PBXBuildFile; fileRef = 2AD841841B64A0F4003A10FF /* FormerTextFooterView.swift */; };
		2AD841991B64A0F4003A10FF /* FormerTextHeaderView.swift in Sources */ = {isa = PBXBuildFile; fileRef = 2AD841851B64A0F4003A10FF /* FormerTextHeaderView.swift */; };
		2AE25D6F1B6748D8001B5302 /* TextViewRowFormer.swift in Sources */ = {isa = PBXBuildFile; fileRef = 2AE25D6E1B6748D8001B5302 /* TextViewRowFormer.swift */; };
/* End PBXBuildFile section */

/* Begin PBXFileReference section */
		2A0E63531B600AD30083BC65 /* Former-Demo.app */ = {isa = PBXFileReference; explicitFileType = wrapper.application; includeInIndex = 0; path = "Former-Demo.app"; sourceTree = BUILT_PRODUCTS_DIR; };
		2A0E63561B600AD30083BC65 /* AppDelegate.swift */ = {isa = PBXFileReference; lastKnownFileType = sourcecode.swift; path = AppDelegate.swift; sourceTree = "<group>"; };
		2A0E635D1B600AD30083BC65 /* Assets.xcassets */ = {isa = PBXFileReference; lastKnownFileType = folder.assetcatalog; path = Assets.xcassets; sourceTree = "<group>"; };
		2A0E63601B600AD30083BC65 /* Base */ = {isa = PBXFileReference; lastKnownFileType = file.storyboard; name = Base; path = Base.lproj/LaunchScreen.storyboard; sourceTree = "<group>"; };
		2A0E63621B600AD30083BC65 /* Info.plist */ = {isa = PBXFileReference; lastKnownFileType = text.plist.xml; path = Info.plist; sourceTree = "<group>"; };
		2A258CC91B67506F00ED30AA /* FormerTextViewCell.swift */ = {isa = PBXFileReference; fileEncoding = 4; lastKnownFileType = sourcecode.swift; path = FormerTextViewCell.swift; sourceTree = "<group>"; };
		2A262B0D1B73B96100AAB3F1 /* DefaultExampleViewController.swift */ = {isa = PBXFileReference; fileEncoding = 4; lastKnownFileType = sourcecode.swift; path = DefaultExampleViewController.swift; sourceTree = "<group>"; };
		2A5EEBDB1B6558220049FB45 /* SwitchRowFormer.swift */ = {isa = PBXFileReference; fileEncoding = 4; lastKnownFileType = sourcecode.swift; path = SwitchRowFormer.swift; sourceTree = "<group>"; };
		2A61586B1B6561A10065AFD3 /* FormerSwitchCell.swift */ = {isa = PBXFileReference; fileEncoding = 4; lastKnownFileType = sourcecode.swift; path = FormerSwitchCell.swift; sourceTree = "<group>"; };
		2A63E7471B6A866B00985361 /* SliderRowFormer.swift */ = {isa = PBXFileReference; fileEncoding = 4; lastKnownFileType = sourcecode.swift; path = SliderRowFormer.swift; sourceTree = "<group>"; };
		2A63E7491B6A89D500985361 /* FormerSliderCell.swift */ = {isa = PBXFileReference; fileEncoding = 4; lastKnownFileType = sourcecode.swift; path = FormerSliderCell.swift; sourceTree = "<group>"; };
		2A89009E1B71BD1700101657 /* DefaultUIViewController.swift */ = {isa = PBXFileReference; fileEncoding = 4; lastKnownFileType = sourcecode.swift; path = DefaultUIViewController.swift; sourceTree = "<group>"; };
		2A8900A01B71BD2D00101657 /* TopViewController.swift */ = {isa = PBXFileReference; fileEncoding = 4; lastKnownFileType = sourcecode.swift; path = TopViewController.swift; sourceTree = "<group>"; };
		2A8900A31B71CCDB00101657 /* UIColorExt.swift */ = {isa = PBXFileReference; fileEncoding = 4; lastKnownFileType = sourcecode.swift; path = UIColorExt.swift; sourceTree = "<group>"; };
		2A8B737C1B6D7D78009252F7 /* PickerRowFormer.swift */ = {isa = PBXFileReference; fileEncoding = 4; lastKnownFileType = sourcecode.swift; path = PickerRowFormer.swift; sourceTree = "<group>"; };
		2A8B737E1B6D8B0A009252F7 /* FormerPickerCell.swift */ = {isa = PBXFileReference; fileEncoding = 4; lastKnownFileType = sourcecode.swift; path = FormerPickerCell.swift; sourceTree = "<group>"; };
		2A8B73821B6D8E5B009252F7 /* InlinePickerRowFormer.swift */ = {isa = PBXFileReference; fileEncoding = 4; lastKnownFileType = sourcecode.swift; path = InlinePickerRowFormer.swift; sourceTree = "<group>"; };
		2A8B73841B6D922A009252F7 /* FormerInlinePickerCell.swift */ = {isa = PBXFileReference; fileEncoding = 4; lastKnownFileType = sourcecode.swift; path = FormerInlinePickerCell.swift; sourceTree = "<group>"; };
		2A8F62721B6BD70F00860BE6 /* DatePickerRowFormer.swift */ = {isa = PBXFileReference; fileEncoding = 4; lastKnownFileType = sourcecode.swift; path = DatePickerRowFormer.swift; sourceTree = "<group>"; };
		2A8F62741B6BDBDE00860BE6 /* FormerDatePickerCell.swift */ = {isa = PBXFileReference; fileEncoding = 4; lastKnownFileType = sourcecode.swift; path = FormerDatePickerCell.swift; sourceTree = "<group>"; };
		2A8F62761B6C06AA00860BE6 /* InlineDatePickerRowFormer.swift */ = {isa = PBXFileReference; fileEncoding = 4; lastKnownFileType = sourcecode.swift; path = InlineDatePickerRowFormer.swift; sourceTree = "<group>"; };
		2A8F627A1B6C13B700860BE6 /* FormerInlineDatePickerCell.swift */ = {isa = PBXFileReference; fileEncoding = 4; lastKnownFileType = sourcecode.swift; path = FormerInlineDatePickerCell.swift; sourceTree = "<group>"; };
		2AA46CCB1B692B7800909F61 /* StepperRowFormer.swift */ = {isa = PBXFileReference; fileEncoding = 4; lastKnownFileType = sourcecode.swift; path = StepperRowFormer.swift; sourceTree = "<group>"; };
		2AA46CCD1B69304F00909F61 /* FormerStepperCell.swift */ = {isa = PBXFileReference; fileEncoding = 4; lastKnownFileType = sourcecode.swift; path = FormerStepperCell.swift; sourceTree = "<group>"; };
		2AA46CCF1B693A6C00909F61 /* SegmentedRowFormer.swift */ = {isa = PBXFileReference; fileEncoding = 4; lastKnownFileType = sourcecode.swift; path = SegmentedRowFormer.swift; sourceTree = "<group>"; };
		2AA46CD11B69412700909F61 /* FormerSegmentedCell.swift */ = {isa = PBXFileReference; fileEncoding = 4; lastKnownFileType = sourcecode.swift; path = FormerSegmentedCell.swift; sourceTree = "<group>"; };
		2AB7BF521B789F8A00AF0B9E /* FormerObserver.swift */ = {isa = PBXFileReference; fileEncoding = 4; lastKnownFileType = sourcecode.swift; path = FormerObserver.swift; sourceTree = "<group>"; };
		2AD8416C1B64A0F4003A10FF /* FormerCell.swift */ = {isa = PBXFileReference; fileEncoding = 4; lastKnownFileType = sourcecode.swift; path = FormerCell.swift; sourceTree = "<group>"; };
		2AD8416D1B64A0F4003A10FF /* FormerCheckCell.swift */ = {isa = PBXFileReference; fileEncoding = 4; lastKnownFileType = sourcecode.swift; path = FormerCheckCell.swift; sourceTree = "<group>"; };
		2AD8416E1B64A0F4003A10FF /* FormerTextCell.swift */ = {isa = PBXFileReference; fileEncoding = 4; lastKnownFileType = sourcecode.swift; path = FormerTextCell.swift; sourceTree = "<group>"; };
		2AD8416F1B64A0F4003A10FF /* FormerTextFieldCell.swift */ = {isa = PBXFileReference; fileEncoding = 4; lastKnownFileType = sourcecode.swift; path = FormerTextFieldCell.swift; sourceTree = "<group>"; };
		2AD841711B64A0F4003A10FF /* Former.swift */ = {isa = PBXFileReference; fileEncoding = 4; lastKnownFileType = sourcecode.swift; path = Former.swift; sourceTree = "<group>"; };
		2AD841731B64A0F4003A10FF /* SectionFormer.swift */ = {isa = PBXFileReference; fileEncoding = 4; lastKnownFileType = sourcecode.swift; path = SectionFormer.swift; sourceTree = "<group>"; };
		2AD841751B64A0F4003A10FF /* FomerViewController.swift */ = {isa = PBXFileReference; fileEncoding = 4; lastKnownFileType = sourcecode.swift; path = FomerViewController.swift; sourceTree = "<group>"; };
		2AD841771B64A0F4003A10FF /* TextViewFormer.swift */ = {isa = PBXFileReference; fileEncoding = 4; lastKnownFileType = sourcecode.swift; path = TextViewFormer.swift; sourceTree = "<group>"; };
		2AD841781B64A0F4003A10FF /* ViewFormer.swift */ = {isa = PBXFileReference; fileEncoding = 4; lastKnownFileType = sourcecode.swift; path = ViewFormer.swift; sourceTree = "<group>"; };
		2AD8417A1B64A0F4003A10FF /* Operators.swift */ = {isa = PBXFileReference; fileEncoding = 4; lastKnownFileType = sourcecode.swift; path = Operators.swift; sourceTree = "<group>"; };
		2AD8417B1B64A0F4003A10FF /* UITableViewCellExt.swift */ = {isa = PBXFileReference; fileEncoding = 4; lastKnownFileType = sourcecode.swift; path = UITableViewCellExt.swift; sourceTree = "<group>"; };
		2AD8417C1B64A0F4003A10FF /* UITableViewHeaderFooterViewExt.swift */ = {isa = PBXFileReference; fileEncoding = 4; lastKnownFileType = sourcecode.swift; path = UITableViewHeaderFooterViewExt.swift; sourceTree = "<group>"; };
		2AD8417E1B64A0F4003A10FF /* CheckRowFormer.swift */ = {isa = PBXFileReference; fileEncoding = 4; lastKnownFileType = sourcecode.swift; path = CheckRowFormer.swift; sourceTree = "<group>"; };
		2AD8417F1B64A0F4003A10FF /* RowFormer.swift */ = {isa = PBXFileReference; fileEncoding = 4; lastKnownFileType = sourcecode.swift; name = RowFormer.swift; path = ../RowFormers/RowFormer.swift; sourceTree = "<group>"; };
		2AD841801B64A0F4003A10FF /* TextFieldRowFormer.swift */ = {isa = PBXFileReference; fileEncoding = 4; lastKnownFileType = sourcecode.swift; path = TextFieldRowFormer.swift; sourceTree = "<group>"; };
		2AD841811B64A0F4003A10FF /* TextRowFormer.swift */ = {isa = PBXFileReference; fileEncoding = 4; lastKnownFileType = sourcecode.swift; path = TextRowFormer.swift; sourceTree = "<group>"; };
		2AD841831B64A0F4003A10FF /* FormerHeaderFooterView.swift */ = {isa = PBXFileReference; fileEncoding = 4; lastKnownFileType = sourcecode.swift; path = FormerHeaderFooterView.swift; sourceTree = "<group>"; };
		2AD841841B64A0F4003A10FF /* FormerTextFooterView.swift */ = {isa = PBXFileReference; fileEncoding = 4; lastKnownFileType = sourcecode.swift; path = FormerTextFooterView.swift; sourceTree = "<group>"; };
		2AD841851B64A0F4003A10FF /* FormerTextHeaderView.swift */ = {isa = PBXFileReference; fileEncoding = 4; lastKnownFileType = sourcecode.swift; path = FormerTextHeaderView.swift; sourceTree = "<group>"; };
		2AE25D6E1B6748D8001B5302 /* TextViewRowFormer.swift */ = {isa = PBXFileReference; fileEncoding = 4; lastKnownFileType = sourcecode.swift; path = TextViewRowFormer.swift; sourceTree = "<group>"; };
/* End PBXFileReference section */

/* Begin PBXFrameworksBuildPhase section */
		2A0E63501B600AD30083BC65 /* Frameworks */ = {
			isa = PBXFrameworksBuildPhase;
			buildActionMask = 2147483647;
			files = (
			);
			runOnlyForDeploymentPostprocessing = 0;
		};
/* End PBXFrameworksBuildPhase section */

/* Begin PBXGroup section */
		2A0E634A1B600AD30083BC65 = {
			isa = PBXGroup;
			children = (
				2AD8416A1B64A0F4003A10FF /* Former */,
				2A0E63551B600AD30083BC65 /* Former-Demo */,
				2A0E63541B600AD30083BC65 /* Products */,
			);
			sourceTree = "<group>";
		};
		2A0E63541B600AD30083BC65 /* Products */ = {
			isa = PBXGroup;
			children = (
				2A0E63531B600AD30083BC65 /* Former-Demo.app */,
			);
			name = Products;
			sourceTree = "<group>";
		};
		2A0E63551B600AD30083BC65 /* Former-Demo */ = {
			isa = PBXGroup;
			children = (
				2A89009D1B71BD1700101657 /* Controllers */,
				2A8900A21B71CCC800101657 /* Helpers */,
				2A0E63561B600AD30083BC65 /* AppDelegate.swift */,
				2A0E635D1B600AD30083BC65 /* Assets.xcassets */,
				2A0E635F1B600AD30083BC65 /* LaunchScreen.storyboard */,
				2A0E63621B600AD30083BC65 /* Info.plist */,
			);
			path = "Former-Demo";
			sourceTree = "<group>";
		};
		2A89009D1B71BD1700101657 /* Controllers */ = {
			isa = PBXGroup;
			children = (
				2A8900A01B71BD2D00101657 /* TopViewController.swift */,
				2A89009E1B71BD1700101657 /* DefaultUIViewController.swift */,
				2A262B0D1B73B96100AAB3F1 /* DefaultExampleViewController.swift */,
			);
			path = Controllers;
			sourceTree = "<group>";
		};
		2A8900A21B71CCC800101657 /* Helpers */ = {
			isa = PBXGroup;
			children = (
				2A8900A31B71CCDB00101657 /* UIColorExt.swift */,
			);
			path = Helpers;
			sourceTree = "<group>";
		};
		2AD8416A1B64A0F4003A10FF /* Former */ = {
			isa = PBXGroup;
			children = (
				2AD841741B64A0F4003A10FF /* Controllers */,
				2AD841701B64A0F4003A10FF /* Commons */,
				2AD8417D1B64A0F4003A10FF /* RowFormers */,
				2AD841761B64A0F4003A10FF /* HeaderFooterFormers */,
				2AD8416B1B64A0F4003A10FF /* Cells */,
				2AD841821B64A0F4003A10FF /* Views */,
				2AD841791B64A0F4003A10FF /* Helpers */,
			);
			name = Former;
			path = ../Former;
			sourceTree = "<group>";
		};
		2AD8416B1B64A0F4003A10FF /* Cells */ = {
			isa = PBXGroup;
			children = (
				2AD8416C1B64A0F4003A10FF /* FormerCell.swift */,
				2AD8416E1B64A0F4003A10FF /* FormerTextCell.swift */,
				2AD8416F1B64A0F4003A10FF /* FormerTextFieldCell.swift */,
				2A258CC91B67506F00ED30AA /* FormerTextViewCell.swift */,
				2AD8416D1B64A0F4003A10FF /* FormerCheckCell.swift */,
				2A61586B1B6561A10065AFD3 /* FormerSwitchCell.swift */,
				2AA46CCD1B69304F00909F61 /* FormerStepperCell.swift */,
				2AA46CD11B69412700909F61 /* FormerSegmentedCell.swift */,
				2A63E7491B6A89D500985361 /* FormerSliderCell.swift */,
				2A8B737E1B6D8B0A009252F7 /* FormerPickerCell.swift */,
				2A8B73841B6D922A009252F7 /* FormerInlinePickerCell.swift */,
				2A8F62741B6BDBDE00860BE6 /* FormerDatePickerCell.swift */,
				2A8F627A1B6C13B700860BE6 /* FormerInlineDatePickerCell.swift */,
			);
			path = Cells;
			sourceTree = "<group>";
		};
		2AD841701B64A0F4003A10FF /* Commons */ = {
			isa = PBXGroup;
			children = (
				2AD841711B64A0F4003A10FF /* Former.swift */,
				2AD841731B64A0F4003A10FF /* SectionFormer.swift */,
				2AD8417F1B64A0F4003A10FF /* RowFormer.swift */,
				2AB7BF521B789F8A00AF0B9E /* FormerObserver.swift */,
			);
			path = Commons;
			sourceTree = "<group>";
		};
		2AD841741B64A0F4003A10FF /* Controllers */ = {
			isa = PBXGroup;
			children = (
				2AD841751B64A0F4003A10FF /* FomerViewController.swift */,
			);
			path = Controllers;
			sourceTree = "<group>";
		};
		2AD841761B64A0F4003A10FF /* HeaderFooterFormers */ = {
			isa = PBXGroup;
			children = (
				2AD841781B64A0F4003A10FF /* ViewFormer.swift */,
				2AD841771B64A0F4003A10FF /* TextViewFormer.swift */,
			);
			path = HeaderFooterFormers;
			sourceTree = "<group>";
		};
		2AD841791B64A0F4003A10FF /* Helpers */ = {
			isa = PBXGroup;
			children = (
				2AD8417A1B64A0F4003A10FF /* Operators.swift */,
				2AD8417B1B64A0F4003A10FF /* UITableViewCellExt.swift */,
				2AD8417C1B64A0F4003A10FF /* UITableViewHeaderFooterViewExt.swift */,
			);
			path = Helpers;
			sourceTree = "<group>";
		};
		2AD8417D1B64A0F4003A10FF /* RowFormers */ = {
			isa = PBXGroup;
			children = (
				2AD841811B64A0F4003A10FF /* TextRowFormer.swift */,
				2AD841801B64A0F4003A10FF /* TextFieldRowFormer.swift */,
				2AE25D6E1B6748D8001B5302 /* TextViewRowFormer.swift */,
				2AD8417E1B64A0F4003A10FF /* CheckRowFormer.swift */,
				2A5EEBDB1B6558220049FB45 /* SwitchRowFormer.swift */,
				2AA46CCB1B692B7800909F61 /* StepperRowFormer.swift */,
				2AA46CCF1B693A6C00909F61 /* SegmentedRowFormer.swift */,
				2A63E7471B6A866B00985361 /* SliderRowFormer.swift */,
				2A8B737C1B6D7D78009252F7 /* PickerRowFormer.swift */,
				2A8B73821B6D8E5B009252F7 /* InlinePickerRowFormer.swift */,
				2A8F62721B6BD70F00860BE6 /* DatePickerRowFormer.swift */,
				2A8F62761B6C06AA00860BE6 /* InlineDatePickerRowFormer.swift */,
			);
			path = RowFormers;
			sourceTree = "<group>";
		};
		2AD841821B64A0F4003A10FF /* Views */ = {
			isa = PBXGroup;
			children = (
				2AD841831B64A0F4003A10FF /* FormerHeaderFooterView.swift */,
				2AD841851B64A0F4003A10FF /* FormerTextHeaderView.swift */,
				2AD841841B64A0F4003A10FF /* FormerTextFooterView.swift */,
			);
			path = Views;
			sourceTree = "<group>";
		};
/* End PBXGroup section */

/* Begin PBXNativeTarget section */
		2A0E63521B600AD30083BC65 /* Former-Demo */ = {
			isa = PBXNativeTarget;
			buildConfigurationList = 2A0E63651B600AD30083BC65 /* Build configuration list for PBXNativeTarget "Former-Demo" */;
			buildPhases = (
				2A0E634F1B600AD30083BC65 /* Sources */,
				2A0E63501B600AD30083BC65 /* Frameworks */,
				2A0E63511B600AD30083BC65 /* Resources */,
			);
			buildRules = (
			);
			dependencies = (
			);
			name = "Former-Demo";
			productName = "Former-Demo";
			productReference = 2A0E63531B600AD30083BC65 /* Former-Demo.app */;
			productType = "com.apple.product-type.application";
		};
/* End PBXNativeTarget section */

/* Begin PBXProject section */
		2A0E634B1B600AD30083BC65 /* Project object */ = {
			isa = PBXProject;
			attributes = {
				LastUpgradeCheck = 0700;
				ORGANIZATIONNAME = "Ryo Aoyama";
				TargetAttributes = {
					2A0E63521B600AD30083BC65 = {
						CreatedOnToolsVersion = 7.0;
						DevelopmentTeam = YX9AEDJ3M3;
					};
				};
			};
			buildConfigurationList = 2A0E634E1B600AD30083BC65 /* Build configuration list for PBXProject "Former-Demo" */;
			compatibilityVersion = "Xcode 3.2";
			developmentRegion = English;
			hasScannedForEncodings = 0;
			knownRegions = (
				en,
				Base,
			);
			mainGroup = 2A0E634A1B600AD30083BC65;
			productRefGroup = 2A0E63541B600AD30083BC65 /* Products */;
			projectDirPath = "";
			projectRoot = "";
			targets = (
				2A0E63521B600AD30083BC65 /* Former-Demo */,
			);
		};
/* End PBXProject section */

/* Begin PBXResourcesBuildPhase section */
		2A0E63511B600AD30083BC65 /* Resources */ = {
			isa = PBXResourcesBuildPhase;
			buildActionMask = 2147483647;
			files = (
				2A0E63611B600AD30083BC65 /* LaunchScreen.storyboard in Resources */,
				2A0E635E1B600AD30083BC65 /* Assets.xcassets in Resources */,
			);
			runOnlyForDeploymentPostprocessing = 0;
		};
/* End PBXResourcesBuildPhase section */

/* Begin PBXSourcesBuildPhase section */
		2A0E634F1B600AD30083BC65 /* Sources */ = {
			isa = PBXSourcesBuildPhase;
			buildActionMask = 2147483647;
			files = (
				2AD841931B64A0F4003A10FF /* CheckRowFormer.swift in Sources */,
				2AD841881B64A0F4003A10FF /* FormerTextCell.swift in Sources */,
				2A8B73831B6D8E5B009252F7 /* InlinePickerRowFormer.swift in Sources */,
				2A8F627B1B6C13B700860BE6 /* FormerInlineDatePickerCell.swift in Sources */,
				2AD8418E1B64A0F4003A10FF /* TextViewFormer.swift in Sources */,
				2AD841861B64A0F4003A10FF /* FormerCell.swift in Sources */,
				2AA46CD01B693A6C00909F61 /* SegmentedRowFormer.swift in Sources */,
				2AA46CD21B69412700909F61 /* FormerSegmentedCell.swift in Sources */,
				2A8F62751B6BDBDE00860BE6 /* FormerDatePickerCell.swift in Sources */,
				2AB7BF531B789F8A00AF0B9E /* FormerObserver.swift in Sources */,
				2AD841921B64A0F4003A10FF /* UITableViewHeaderFooterViewExt.swift in Sources */,
				2A258CCA1B67506F00ED30AA /* FormerTextViewCell.swift in Sources */,
				2A61586C1B6561A10065AFD3 /* FormerSwitchCell.swift in Sources */,
				2AD841871B64A0F4003A10FF /* FormerCheckCell.swift in Sources */,
				2AD8418F1B64A0F4003A10FF /* ViewFormer.swift in Sources */,
				2AD8418D1B64A0F4003A10FF /* FomerViewController.swift in Sources */,
				2AD841891B64A0F4003A10FF /* FormerTextFieldCell.swift in Sources */,
				2A8F62771B6C06AA00860BE6 /* InlineDatePickerRowFormer.swift in Sources */,
				2AD841991B64A0F4003A10FF /* FormerTextHeaderView.swift in Sources */,
				2AD841981B64A0F4003A10FF /* FormerTextFooterView.swift in Sources */,
				2AD841901B64A0F4003A10FF /* Operators.swift in Sources */,
				2A63E7481B6A866B00985361 /* SliderRowFormer.swift in Sources */,
				2AA46CCE1B69304F00909F61 /* FormerStepperCell.swift in Sources */,
				2A262B0E1B73B96100AAB3F1 /* DefaultExampleViewController.swift in Sources */,
				2A8F62731B6BD70F00860BE6 /* DatePickerRowFormer.swift in Sources */,
				2A5EEBDC1B6558220049FB45 /* SwitchRowFormer.swift in Sources */,
				2A8900A41B71CCDB00101657 /* UIColorExt.swift in Sources */,
				2A8900A11B71BD2D00101657 /* TopViewController.swift in Sources */,
				2A0E63571B600AD30083BC65 /* AppDelegate.swift in Sources */,
				2A8B737F1B6D8B0A009252F7 /* FormerPickerCell.swift in Sources */,
				2AD841951B64A0F4003A10FF /* TextFieldRowFormer.swift in Sources */,
				2AE25D6F1B6748D8001B5302 /* TextViewRowFormer.swift in Sources */,
				2AD841941B64A0F4003A10FF /* RowFormer.swift in Sources */,
				2A8B73851B6D922A009252F7 /* FormerInlinePickerCell.swift in Sources */,
				2AD841911B64A0F4003A10FF /* UITableViewCellExt.swift in Sources */,
				2AD841961B64A0F4003A10FF /* TextRowFormer.swift in Sources */,
				2AA46CCC1B692B7800909F61 /* StepperRowFormer.swift in Sources */,
				2A8B737D1B6D7D78009252F7 /* PickerRowFormer.swift in Sources */,
				2AD841971B64A0F4003A10FF /* FormerHeaderFooterView.swift in Sources */,
				2AD8418C1B64A0F4003A10FF /* SectionFormer.swift in Sources */,
				2AD8418A1B64A0F4003A10FF /* Former.swift in Sources */,
				2A89009F1B71BD1700101657 /* DefaultUIViewController.swift in Sources */,
				2A63E74A1B6A89D500985361 /* FormerSliderCell.swift in Sources */,
			);
			runOnlyForDeploymentPostprocessing = 0;
		};
/* End PBXSourcesBuildPhase section */

/* Begin PBXVariantGroup section */
		2A0E635F1B600AD30083BC65 /* LaunchScreen.storyboard */ = {
			isa = PBXVariantGroup;
			children = (
				2A0E63601B600AD30083BC65 /* Base */,
			);
			name = LaunchScreen.storyboard;
			sourceTree = "<group>";
		};
/* End PBXVariantGroup section */

/* Begin XCBuildConfiguration section */
		2A0E63631B600AD30083BC65 /* Debug */ = {
			isa = XCBuildConfiguration;
			buildSettings = {
				ALWAYS_SEARCH_USER_PATHS = NO;
				CLANG_CXX_LANGUAGE_STANDARD = "gnu++0x";
				CLANG_CXX_LIBRARY = "libc++";
				CLANG_ENABLE_MODULES = YES;
				CLANG_ENABLE_OBJC_ARC = YES;
				CLANG_WARN_BOOL_CONVERSION = YES;
				CLANG_WARN_CONSTANT_CONVERSION = YES;
				CLANG_WARN_DIRECT_OBJC_ISA_USAGE = YES_ERROR;
				CLANG_WARN_EMPTY_BODY = YES;
				CLANG_WARN_ENUM_CONVERSION = YES;
				CLANG_WARN_INT_CONVERSION = YES;
				CLANG_WARN_OBJC_ROOT_CLASS = YES_ERROR;
				CLANG_WARN_UNREACHABLE_CODE = YES;
				CLANG_WARN__DUPLICATE_METHOD_MATCH = YES;
				"CODE_SIGN_IDENTITY[sdk=iphoneos*]" = "iPhone Developer";
				COPY_PHASE_STRIP = NO;
				DEBUG_INFORMATION_FORMAT = dwarf;
				ENABLE_STRICT_OBJC_MSGSEND = YES;
				ENABLE_TESTABILITY = YES;
				GCC_C_LANGUAGE_STANDARD = gnu99;
				GCC_DYNAMIC_NO_PIC = NO;
				GCC_NO_COMMON_BLOCKS = YES;
				GCC_OPTIMIZATION_LEVEL = 0;
				GCC_PREPROCESSOR_DEFINITIONS = (
					"DEBUG=1",
					"$(inherited)",
				);
				GCC_WARN_64_TO_32_BIT_CONVERSION = YES;
				GCC_WARN_ABOUT_RETURN_TYPE = YES_ERROR;
				GCC_WARN_UNDECLARED_SELECTOR = YES;
				GCC_WARN_UNINITIALIZED_AUTOS = YES_AGGRESSIVE;
				GCC_WARN_UNUSED_FUNCTION = YES;
				GCC_WARN_UNUSED_VARIABLE = YES;
				IPHONEOS_DEPLOYMENT_TARGET = 8.0;
				MTL_ENABLE_DEBUG_INFO = YES;
				ONLY_ACTIVE_ARCH = YES;
				SDKROOT = iphoneos;
				SWIFT_OPTIMIZATION_LEVEL = "-Onone";
			};
			name = Debug;
		};
		2A0E63641B600AD30083BC65 /* Release */ = {
			isa = XCBuildConfiguration;
			buildSettings = {
				ALWAYS_SEARCH_USER_PATHS = NO;
				CLANG_CXX_LANGUAGE_STANDARD = "gnu++0x";
				CLANG_CXX_LIBRARY = "libc++";
				CLANG_ENABLE_MODULES = YES;
				CLANG_ENABLE_OBJC_ARC = YES;
				CLANG_WARN_BOOL_CONVERSION = YES;
				CLANG_WARN_CONSTANT_CONVERSION = YES;
				CLANG_WARN_DIRECT_OBJC_ISA_USAGE = YES_ERROR;
				CLANG_WARN_EMPTY_BODY = YES;
				CLANG_WARN_ENUM_CONVERSION = YES;
				CLANG_WARN_INT_CONVERSION = YES;
				CLANG_WARN_OBJC_ROOT_CLASS = YES_ERROR;
				CLANG_WARN_UNREACHABLE_CODE = YES;
				CLANG_WARN__DUPLICATE_METHOD_MATCH = YES;
				"CODE_SIGN_IDENTITY[sdk=iphoneos*]" = "iPhone Developer";
				COPY_PHASE_STRIP = NO;
				DEBUG_INFORMATION_FORMAT = "dwarf-with-dsym";
				ENABLE_NS_ASSERTIONS = NO;
				ENABLE_STRICT_OBJC_MSGSEND = YES;
				GCC_C_LANGUAGE_STANDARD = gnu99;
				GCC_NO_COMMON_BLOCKS = YES;
				GCC_WARN_64_TO_32_BIT_CONVERSION = YES;
				GCC_WARN_ABOUT_RETURN_TYPE = YES_ERROR;
				GCC_WARN_UNDECLARED_SELECTOR = YES;
				GCC_WARN_UNINITIALIZED_AUTOS = YES_AGGRESSIVE;
				GCC_WARN_UNUSED_FUNCTION = YES;
				GCC_WARN_UNUSED_VARIABLE = YES;
				IPHONEOS_DEPLOYMENT_TARGET = 8.0;
				MTL_ENABLE_DEBUG_INFO = NO;
				SDKROOT = iphoneos;
				VALIDATE_PRODUCT = YES;
			};
			name = Release;
		};
		2A0E63661B600AD30083BC65 /* Debug */ = {
			isa = XCBuildConfiguration;
			buildSettings = {
				ASSETCATALOG_COMPILER_APPICON_NAME = AppIcon;
				CODE_SIGN_IDENTITY = "iPhone Developer";
				"CODE_SIGN_IDENTITY[sdk=iphoneos*]" = "iPhone Developer";
				INFOPLIST_FILE = "Former-Demo/Info.plist";
				LD_RUNPATH_SEARCH_PATHS = "$(inherited) @executable_path/Frameworks";
				PRODUCT_BUNDLE_IDENTIFIER = "com.ryo.Former-Demo";
				PRODUCT_NAME = "$(TARGET_NAME)";
				PROVISIONING_PROFILE = "";
			};
			name = Debug;
		};
		2A0E63671B600AD30083BC65 /* Release */ = {
			isa = XCBuildConfiguration;
			buildSettings = {
				ASSETCATALOG_COMPILER_APPICON_NAME = AppIcon;
				CODE_SIGN_IDENTITY = "iPhone Developer";
				"CODE_SIGN_IDENTITY[sdk=iphoneos*]" = "iPhone Developer";
				INFOPLIST_FILE = "Former-Demo/Info.plist";
				LD_RUNPATH_SEARCH_PATHS = "$(inherited) @executable_path/Frameworks";
				PRODUCT_BUNDLE_IDENTIFIER = "com.ryo.Former-Demo";
				PRODUCT_NAME = "$(TARGET_NAME)";
				PROVISIONING_PROFILE = "";
			};
			name = Release;
		};
/* End XCBuildConfiguration section */

/* Begin XCConfigurationList section */
		2A0E634E1B600AD30083BC65 /* Build configuration list for PBXProject "Former-Demo" */ = {
			isa = XCConfigurationList;
			buildConfigurations = (
				2A0E63631B600AD30083BC65 /* Debug */,
				2A0E63641B600AD30083BC65 /* Release */,
			);
			defaultConfigurationIsVisible = 0;
			defaultConfigurationName = Release;
		};
		2A0E63651B600AD30083BC65 /* Build configuration list for PBXNativeTarget "Former-Demo" */ = {
			isa = XCConfigurationList;
			buildConfigurations = (
				2A0E63661B600AD30083BC65 /* Debug */,
				2A0E63671B600AD30083BC65 /* Release */,
			);
			defaultConfigurationIsVisible = 0;
			defaultConfigurationName = Release;
		};
/* End XCConfigurationList section */
	};
	rootObject = 2A0E634B1B600AD30083BC65 /* Project object */;
}
