// !$*UTF8*$!
{
	archiveVersion = 1;
	classes = {
	};
	objectVersion = 46;
	objects = {

/* Begin PBXBuildFile section */
		2A53250E1BE48C3F00E4A3F2 /* EditProfileViewController.swift in Sources */ = {isa = PBXBuildFile; fileRef = 2A53250D1BE48C3F00E4A3F2 /* EditProfileViewController.swift */; };
		2A5325101BE4935700E4A3F2 /* ProfileImageCell.swift in Sources */ = {isa = PBXBuildFile; fileRef = 2A53250F1BE4935700E4A3F2 /* ProfileImageCell.swift */; };
		2A5325151BE4A55D00E4A3F2 /* ProfileFieldCell.swift in Sources */ = {isa = PBXBuildFile; fileRef = 2A5325141BE4A55D00E4A3F2 /* ProfileFieldCell.swift */; };
		2A59E2391BADDB4000A48997 /* Former.framework in Frameworks */ = {isa = PBXBuildFile; fileRef = 2A61D84E1BA47B0B001439CC /* Former.framework */; };
		2A59E23A1BADDB4000A48997 /* Former.framework in Embed Frameworks */ = {isa = PBXBuildFile; fileRef = 2A61D84E1BA47B0B001439CC /* Former.framework */; settings = {ATTRIBUTES = (CodeSignOnCopy, RemoveHeadersOnCopy, ); }; };
		2AA777A51BECED6200900B01 /* AddEventViewController.swift in Sources */ = {isa = PBXBuildFile; fileRef = 2AA777A41BECED6200900B01 /* AddEventViewController.swift */; };
		2AA777AB1BED4BF000900B01 /* CustomCellViewController.swift in Sources */ = {isa = PBXBuildFile; fileRef = 2AA777AA1BED4BF000900B01 /* CustomCellViewController.swift */; };
		2AA777AD1BED4D3300900B01 /* DynamicHeightCell.swift in Sources */ = {isa = PBXBuildFile; fileRef = 2AA777AC1BED4D3300900B01 /* DynamicHeightCell.swift */; };
		2AA777AF1BED4D7300900B01 /* DynamicHeightCell.xib in Resources */ = {isa = PBXBuildFile; fileRef = 2AA777AE1BED4D7300900B01 /* DynamicHeightCell.xib */; };
		2AA777B11BEE7F2F00900B01 /* LoginViewController.storyboard in Resources */ = {isa = PBXBuildFile; fileRef = 2AA777B01BEE7F2F00900B01 /* LoginViewController.storyboard */; };
		2AA777B31BEE80A800900B01 /* LoginViewController.swift in Sources */ = {isa = PBXBuildFile; fileRef = 2AA777B21BEE80A800900B01 /* LoginViewController.swift */; };
		2AA777B51BEE86B000900B01 /* Login.swift in Sources */ = {isa = PBXBuildFile; fileRef = 2AA777B41BEE86B000900B01 /* Login.swift */; };
		2AA777B71BEE88BD00900B01 /* CenterLabelCell.swift in Sources */ = {isa = PBXBuildFile; fileRef = 2AA777B61BEE88BD00900B01 /* CenterLabelCell.swift */; };
		2AA777B91BEE9A7400900B01 /* ColorListCell.xib in Resources */ = {isa = PBXBuildFile; fileRef = 2AA777B81BEE9A7400900B01 /* ColorListCell.xib */; };
		2AA777BB1BEE9AEB00900B01 /* ColorListCell.swift in Sources */ = {isa = PBXBuildFile; fileRef = 2AA777BA1BEE9AEB00900B01 /* ColorListCell.swift */; };
		2ABE8A591BE4B7FF00F9EB85 /* ProfileFieldCell.xib in Resources */ = {isa = PBXBuildFile; fileRef = 2ABE8A571BE4B7FF00F9EB85 /* ProfileFieldCell.xib */; };
		2ABE8A5A1BE4B7FF00F9EB85 /* ProfileImageCell.xib in Resources */ = {isa = PBXBuildFile; fileRef = 2ABE8A581BE4B7FF00F9EB85 /* ProfileImageCell.xib */; };
		2ABE8A5D1BE4B81900F9EB85 /* Profile.swift in Sources */ = {isa = PBXBuildFile; fileRef = 2ABE8A5C1BE4B81900F9EB85 /* Profile.swift */; };
		2ABE8A5F1BE4BC5C00F9EB85 /* ProfileLabelCell.swift in Sources */ = {isa = PBXBuildFile; fileRef = 2ABE8A5E1BE4BC5C00F9EB85 /* ProfileLabelCell.swift */; };
		2ABE8A611BE4BC8100F9EB85 /* ProfileLabelCell.xib in Resources */ = {isa = PBXBuildFile; fileRef = 2ABE8A601BE4BC8100F9EB85 /* ProfileLabelCell.xib */; };
		2AC3814E1BA447D3009C7EFF /* AppDelegate.swift in Sources */ = {isa = PBXBuildFile; fileRef = 2AC3813B1BA447D3009C7EFF /* AppDelegate.swift */; };
		2AC3814F1BA447D3009C7EFF /* Assets.xcassets in Resources */ = {isa = PBXBuildFile; fileRef = 2AC3813C1BA447D3009C7EFF /* Assets.xcassets */; };
		2AC381501BA447D3009C7EFF /* LaunchScreen.storyboard in Resources */ = {isa = PBXBuildFile; fileRef = 2AC3813D1BA447D3009C7EFF /* LaunchScreen.storyboard */; };
		2AC381531BA447D3009C7EFF /* ExampleViewController.swift in Sources */ = {isa = PBXBuildFile; fileRef = 2AC381431BA447D3009C7EFF /* ExampleViewController.swift */; };
		2AC381541BA447D3009C7EFF /* DefaultsViewController.swift in Sources */ = {isa = PBXBuildFile; fileRef = 2AC381441BA447D3009C7EFF /* DefaultsViewController.swift */; };
		2AC381551BA447D3009C7EFF /* TopViewController.swift in Sources */ = {isa = PBXBuildFile; fileRef = 2AC381451BA447D3009C7EFF /* TopViewController.swift */; };
		2AC381561BA447D3009C7EFF /* String+FormerDemo.swift in Sources */ = {isa = PBXBuildFile; fileRef = 2AC381471BA447D3009C7EFF /* String+FormerDemo.swift */; };
		2AC381571BA447D3009C7EFF /* UIColor+FormerDemo.swift in Sources */ = {isa = PBXBuildFile; fileRef = 2AC381481BA447D3009C7EFF /* UIColor+FormerDemo.swift */; };
		2AC3815A1BA447D3009C7EFF /* FormerInputAccessoryView.swift in Sources */ = {isa = PBXBuildFile; fileRef = 2AC3814D1BA447D3009C7EFF /* FormerInputAccessoryView.swift */; };
		2AC3815C1BA4498D009C7EFF /* TextSelectorViewContorller.swift in Sources */ = {isa = PBXBuildFile; fileRef = 2AC3815B1BA4498D009C7EFF /* TextSelectorViewContorller.swift */; };
/* End PBXBuildFile section */

/* Begin PBXContainerItemProxy section */
		2A59E23B1BADDB4000A48997 /* PBXContainerItemProxy */ = {
			isa = PBXContainerItemProxy;
			containerPortal = 2A61D8491BA47B0B001439CC /* Former.xcodeproj */;
			proxyType = 1;
			remoteGlobalIDString = 2A65655A1BA43E9100C78E81;
			remoteInfo = Former;
		};
		2A61D84D1BA47B0B001439CC /* PBXContainerItemProxy */ = {
			isa = PBXContainerItemProxy;
			containerPortal = 2A61D8491BA47B0B001439CC /* Former.xcodeproj */;
			proxyType = 2;
			remoteGlobalIDString = 2A7D956C1BA4528700F0B005;
			remoteInfo = Former;
		};
/* End PBXContainerItemProxy section */

/* Begin PBXCopyFilesBuildPhase section */
		2AB293071BA478D600D83445 /* Embed Frameworks */ = {
			isa = PBXCopyFilesBuildPhase;
			buildActionMask = 2147483647;
			dstPath = "";
			dstSubfolderSpec = 10;
			files = (
				2A59E23A1BADDB4000A48997 /* Former.framework in Embed Frameworks */,
			);
			name = "Embed Frameworks";
			runOnlyForDeploymentPostprocessing = 0;
		};
/* End PBXCopyFilesBuildPhase section */

/* Begin PBXFileReference section */
		2A53250D1BE48C3F00E4A3F2 /* EditProfileViewController.swift */ = {isa = PBXFileReference; fileEncoding = 4; lastKnownFileType = sourcecode.swift; path = EditProfileViewController.swift; sourceTree = "<group>"; };
		2A53250F1BE4935700E4A3F2 /* ProfileImageCell.swift */ = {isa = PBXFileReference; fileEncoding = 4; lastKnownFileType = sourcecode.swift; path = ProfileImageCell.swift; sourceTree = "<group>"; };
		2A5325141BE4A55D00E4A3F2 /* ProfileFieldCell.swift */ = {isa = PBXFileReference; fileEncoding = 4; lastKnownFileType = sourcecode.swift; path = ProfileFieldCell.swift; sourceTree = "<group>"; };
		2A61D8491BA47B0B001439CC /* Former.xcodeproj */ = {isa = PBXFileReference; lastKnownFileType = "wrapper.pb-project"; name = Former.xcodeproj; path = ../Former.xcodeproj; sourceTree = "<group>"; };
		2AA777A41BECED6200900B01 /* AddEventViewController.swift */ = {isa = PBXFileReference; fileEncoding = 4; lastKnownFileType = sourcecode.swift; path = AddEventViewController.swift; sourceTree = "<group>"; };
		2AA777AA1BED4BF000900B01 /* CustomCellViewController.swift */ = {isa = PBXFileReference; fileEncoding = 4; lastKnownFileType = sourcecode.swift; path = CustomCellViewController.swift; sourceTree = "<group>"; };
		2AA777AC1BED4D3300900B01 /* DynamicHeightCell.swift */ = {isa = PBXFileReference; fileEncoding = 4; lastKnownFileType = sourcecode.swift; path = DynamicHeightCell.swift; sourceTree = "<group>"; };
		2AA777AE1BED4D7300900B01 /* DynamicHeightCell.xib */ = {isa = PBXFileReference; fileEncoding = 4; lastKnownFileType = file.xib; path = DynamicHeightCell.xib; sourceTree = "<group>"; };
		2AA777B01BEE7F2F00900B01 /* LoginViewController.storyboard */ = {isa = PBXFileReference; fileEncoding = 4; lastKnownFileType = file.storyboard; path = LoginViewController.storyboard; sourceTree = "<group>"; };
		2AA777B21BEE80A800900B01 /* LoginViewController.swift */ = {isa = PBXFileReference; fileEncoding = 4; lastKnownFileType = sourcecode.swift; path = LoginViewController.swift; sourceTree = "<group>"; };
		2AA777B41BEE86B000900B01 /* Login.swift */ = {isa = PBXFileReference; fileEncoding = 4; lastKnownFileType = sourcecode.swift; path = Login.swift; sourceTree = "<group>"; };
		2AA777B61BEE88BD00900B01 /* CenterLabelCell.swift */ = {isa = PBXFileReference; fileEncoding = 4; lastKnownFileType = sourcecode.swift; path = CenterLabelCell.swift; sourceTree = "<group>"; };
		2AA777B81BEE9A7400900B01 /* ColorListCell.xib */ = {isa = PBXFileReference; fileEncoding = 4; lastKnownFileType = file.xib; path = ColorListCell.xib; sourceTree = "<group>"; };
		2AA777BA1BEE9AEB00900B01 /* ColorListCell.swift */ = {isa = PBXFileReference; fileEncoding = 4; lastKnownFileType = sourcecode.swift; path = ColorListCell.swift; sourceTree = "<group>"; };
		2AB293031BA469FB00D83445 /* Former-Demo.app */ = {isa = PBXFileReference; explicitFileType = wrapper.application; includeInIndex = 0; path = "Former-Demo.app"; sourceTree = BUILT_PRODUCTS_DIR; };
		2ABE8A571BE4B7FF00F9EB85 /* ProfileFieldCell.xib */ = {isa = PBXFileReference; fileEncoding = 4; lastKnownFileType = file.xib; path = ProfileFieldCell.xib; sourceTree = "<group>"; };
		2ABE8A581BE4B7FF00F9EB85 /* ProfileImageCell.xib */ = {isa = PBXFileReference; fileEncoding = 4; lastKnownFileType = file.xib; path = ProfileImageCell.xib; sourceTree = "<group>"; };
		2ABE8A5C1BE4B81900F9EB85 /* Profile.swift */ = {isa = PBXFileReference; fileEncoding = 4; lastKnownFileType = sourcecode.swift; path = Profile.swift; sourceTree = "<group>"; };
		2ABE8A5E1BE4BC5C00F9EB85 /* ProfileLabelCell.swift */ = {isa = PBXFileReference; fileEncoding = 4; lastKnownFileType = sourcecode.swift; path = ProfileLabelCell.swift; sourceTree = "<group>"; };
		2ABE8A601BE4BC8100F9EB85 /* ProfileLabelCell.xib */ = {isa = PBXFileReference; fileEncoding = 4; lastKnownFileType = file.xib; path = ProfileLabelCell.xib; sourceTree = "<group>"; };
		2AC3813B1BA447D3009C7EFF /* AppDelegate.swift */ = {isa = PBXFileReference; fileEncoding = 4; lastKnownFileType = sourcecode.swift; path = AppDelegate.swift; sourceTree = "<group>"; };
		2AC3813C1BA447D3009C7EFF /* Assets.xcassets */ = {isa = PBXFileReference; lastKnownFileType = folder.assetcatalog; path = Assets.xcassets; sourceTree = "<group>"; };
		2AC3813E1BA447D3009C7EFF /* Base */ = {isa = PBXFileReference; lastKnownFileType = file.storyboard; name = Base; path = Base.lproj/LaunchScreen.storyboard; sourceTree = "<group>"; };
		2AC381431BA447D3009C7EFF /* ExampleViewController.swift */ = {isa = PBXFileReference; fileEncoding = 4; lastKnownFileType = sourcecode.swift; path = ExampleViewController.swift; sourceTree = "<group>"; };
		2AC381441BA447D3009C7EFF /* DefaultsViewController.swift */ = {isa = PBXFileReference; fileEncoding = 4; lastKnownFileType = sourcecode.swift; path = DefaultsViewController.swift; sourceTree = "<group>"; };
		2AC381451BA447D3009C7EFF /* TopViewController.swift */ = {isa = PBXFileReference; fileEncoding = 4; lastKnownFileType = sourcecode.swift; path = TopViewController.swift; sourceTree = "<group>"; };
		2AC381471BA447D3009C7EFF /* String+FormerDemo.swift */ = {isa = PBXFileReference; fileEncoding = 4; lastKnownFileType = sourcecode.swift; path = "String+FormerDemo.swift"; sourceTree = "<group>"; };
		2AC381481BA447D3009C7EFF /* UIColor+FormerDemo.swift */ = {isa = PBXFileReference; fileEncoding = 4; lastKnownFileType = sourcecode.swift; path = "UIColor+FormerDemo.swift"; sourceTree = "<group>"; };
		2AC381491BA447D3009C7EFF /* Info.plist */ = {isa = PBXFileReference; fileEncoding = 4; lastKnownFileType = text.plist.xml; path = Info.plist; sourceTree = "<group>"; };
		2AC3814D1BA447D3009C7EFF /* FormerInputAccessoryView.swift */ = {isa = PBXFileReference; fileEncoding = 4; lastKnownFileType = sourcecode.swift; path = FormerInputAccessoryView.swift; sourceTree = "<group>"; };
		2AC3815B1BA4498D009C7EFF /* TextSelectorViewContorller.swift */ = {isa = PBXFileReference; fileEncoding = 4; lastKnownFileType = sourcecode.swift; path = TextSelectorViewContorller.swift; sourceTree = "<group>"; };
/* End PBXFileReference section */

/* Begin PBXFrameworksBuildPhase section */
		2AC380E61BA44366009C7EFF /* Frameworks */ = {
			isa = PBXFrameworksBuildPhase;
			buildActionMask = 2147483647;
			files = (
				2A59E2391BADDB4000A48997 /* Former.framework in Frameworks */,
			);
			runOnlyForDeploymentPostprocessing = 0;
		};
/* End PBXFrameworksBuildPhase section */

/* Begin PBXGroup section */
		2A61D84A1BA47B0B001439CC /* Products */ = {
			isa = PBXGroup;
			children = (
				2A61D84E1BA47B0B001439CC /* Former.framework */,
			);
			name = Products;
			sourceTree = "<group>";
		};
		2ABE8A561BE4B7FF00F9EB85 /* Resources */ = {
			isa = PBXGroup;
			children = (
				2AA777B01BEE7F2F00900B01 /* LoginViewController.storyboard */,
				2ABE8A571BE4B7FF00F9EB85 /* ProfileFieldCell.xib */,
				2ABE8A581BE4B7FF00F9EB85 /* ProfileImageCell.xib */,
				2ABE8A601BE4BC8100F9EB85 /* ProfileLabelCell.xib */,
				2AA777AE1BED4D7300900B01 /* DynamicHeightCell.xib */,
				2AA777B81BEE9A7400900B01 /* ColorListCell.xib */,
			);
			path = Resources;
			sourceTree = "<group>";
		};
		2ABE8A5B1BE4B80800F9EB85 /* Commons */ = {
			isa = PBXGroup;
			children = (
				2ABE8A5C1BE4B81900F9EB85 /* Profile.swift */,
				2AA777B41BEE86B000900B01 /* Login.swift */,
			);
			path = Commons;
			sourceTree = "<group>";
		};
		2AC380E01BA44366009C7EFF = {
			isa = PBXGroup;
			children = (
				2A61D8491BA47B0B001439CC /* Former.xcodeproj */,
				2AC3813A1BA447D3009C7EFF /* Former-Demo */,
				2AB293031BA469FB00D83445 /* Former-Demo.app */,
			);
			sourceTree = "<group>";
		};
		2AC3813A1BA447D3009C7EFF /* Former-Demo */ = {
			isa = PBXGroup;
			children = (
				2ABE8A5B1BE4B80800F9EB85 /* Commons */,
				2AC381411BA447D3009C7EFF /* Controllers */,
				2AC3813F1BA447D3009C7EFF /* Cells */,
				2AC3814C1BA447D3009C7EFF /* Views */,
				2ABE8A561BE4B7FF00F9EB85 /* Resources */,
				2AC381461BA447D3009C7EFF /* Helpers */,
				2AC3813B1BA447D3009C7EFF /* AppDelegate.swift */,
				2AC381491BA447D3009C7EFF /* Info.plist */,
				2AC3813C1BA447D3009C7EFF /* Assets.xcassets */,
				2AC3813D1BA447D3009C7EFF /* LaunchScreen.storyboard */,
			);
			path = "Former-Demo";
			sourceTree = "<group>";
		};
		2AC3813F1BA447D3009C7EFF /* Cells */ = {
			isa = PBXGroup;
			children = (
				2A53250F1BE4935700E4A3F2 /* ProfileImageCell.swift */,
				2A5325141BE4A55D00E4A3F2 /* ProfileFieldCell.swift */,
				2ABE8A5E1BE4BC5C00F9EB85 /* ProfileLabelCell.swift */,
				2AA777AC1BED4D3300900B01 /* DynamicHeightCell.swift */,
				2AA777B61BEE88BD00900B01 /* CenterLabelCell.swift */,
				2AA777BA1BEE9AEB00900B01 /* ColorListCell.swift */,
			);
			path = Cells;
			sourceTree = "<group>";
		};
		2AC381411BA447D3009C7EFF /* Controllers */ = {
			isa = PBXGroup;
			children = (
				2AC381431BA447D3009C7EFF /* ExampleViewController.swift */,
				2AC381441BA447D3009C7EFF /* DefaultsViewController.swift */,
				2AC381451BA447D3009C7EFF /* TopViewController.swift */,
				2AC3815B1BA4498D009C7EFF /* TextSelectorViewContorller.swift */,
				2A53250D1BE48C3F00E4A3F2 /* EditProfileViewController.swift */,
				2AA777A41BECED6200900B01 /* AddEventViewController.swift */,
				2AA777B21BEE80A800900B01 /* LoginViewController.swift */,
				2AA777AA1BED4BF000900B01 /* CustomCellViewController.swift */,
			);
			path = Controllers;
			sourceTree = "<group>";
		};
		2AC381461BA447D3009C7EFF /* Helpers */ = {
			isa = PBXGroup;
			children = (
				2AC381471BA447D3009C7EFF /* String+FormerDemo.swift */,
				2AC381481BA447D3009C7EFF /* UIColor+FormerDemo.swift */,
			);
			path = Helpers;
			sourceTree = "<group>";
		};
		2AC3814C1BA447D3009C7EFF /* Views */ = {
			isa = PBXGroup;
			children = (
				2AC3814D1BA447D3009C7EFF /* FormerInputAccessoryView.swift */,
			);
			path = Views;
			sourceTree = "<group>";
		};
/* End PBXGroup section */

/* Begin PBXNativeTarget section */
		2AC380E81BA44366009C7EFF /* Former-Demo */ = {
			isa = PBXNativeTarget;
			buildConfigurationList = 2AC380FB1BA44367009C7EFF /* Build configuration list for PBXNativeTarget "Former-Demo" */;
			buildPhases = (
				2AC380E51BA44366009C7EFF /* Sources */,
				2AC380E61BA44366009C7EFF /* Frameworks */,
				2AC380E71BA44366009C7EFF /* Resources */,
				2AB293071BA478D600D83445 /* Embed Frameworks */,
			);
			buildRules = (
			);
			dependencies = (
				2A59E23C1BADDB4000A48997 /* PBXTargetDependency */,
			);
			name = "Former-Demo";
			productName = "Former-Demo";
			productReference = 2AB293031BA469FB00D83445 /* Former-Demo.app */;
			productType = "com.apple.product-type.application";
		};
/* End PBXNativeTarget section */

/* Begin PBXProject section */
		2AC380E11BA44366009C7EFF /* Project object */ = {
			isa = PBXProject;
			attributes = {
				LastUpgradeCheck = 0700;
				ORGANIZATIONNAME = "Ryo Aoyama";
				TargetAttributes = {
					2AC380E81BA44366009C7EFF = {
						CreatedOnToolsVersion = 7.0;
						DevelopmentTeam = 35SS6N9UMP;
					};
				};
			};
			buildConfigurationList = 2AC380E41BA44366009C7EFF /* Build configuration list for PBXProject "Former-Demo" */;
			compatibilityVersion = "Xcode 3.2";
			developmentRegion = English;
			hasScannedForEncodings = 0;
			knownRegions = (
				en,
				Base,
			);
			mainGroup = 2AC380E01BA44366009C7EFF;
			productRefGroup = 2AC380E01BA44366009C7EFF;
			projectDirPath = "";
			projectReferences = (
				{
					ProductGroup = 2A61D84A1BA47B0B001439CC /* Products */;
					ProjectRef = 2A61D8491BA47B0B001439CC /* Former.xcodeproj */;
				},
			);
			projectRoot = "";
			targets = (
				2AC380E81BA44366009C7EFF /* Former-Demo */,
			);
		};
/* End PBXProject section */

/* Begin PBXReferenceProxy section */
		2A61D84E1BA47B0B001439CC /* Former.framework */ = {
			isa = PBXReferenceProxy;
			fileType = wrapper.framework;
			path = Former.framework;
			remoteRef = 2A61D84D1BA47B0B001439CC /* PBXContainerItemProxy */;
			sourceTree = BUILT_PRODUCTS_DIR;
		};
/* End PBXReferenceProxy section */

/* Begin PBXResourcesBuildPhase section */
		2AC380E71BA44366009C7EFF /* Resources */ = {
			isa = PBXResourcesBuildPhase;
			buildActionMask = 2147483647;
			files = (
				2AA777AF1BED4D7300900B01 /* DynamicHeightCell.xib in Resources */,
				2AC3814F1BA447D3009C7EFF /* Assets.xcassets in Resources */,
				2ABE8A5A1BE4B7FF00F9EB85 /* ProfileImageCell.xib in Resources */,
				2AC381501BA447D3009C7EFF /* LaunchScreen.storyboard in Resources */,
				2ABE8A591BE4B7FF00F9EB85 /* ProfileFieldCell.xib in Resources */,
				2AA777B91BEE9A7400900B01 /* ColorListCell.xib in Resources */,
				2AA777B11BEE7F2F00900B01 /* LoginViewController.storyboard in Resources */,
				2ABE8A611BE4BC8100F9EB85 /* ProfileLabelCell.xib in Resources */,
			);
			runOnlyForDeploymentPostprocessing = 0;
		};
/* End PBXResourcesBuildPhase section */

/* Begin PBXSourcesBuildPhase section */
		2AC380E51BA44366009C7EFF /* Sources */ = {
			isa = PBXSourcesBuildPhase;
			buildActionMask = 2147483647;
			files = (
				2AA777AD1BED4D3300900B01 /* DynamicHeightCell.swift in Sources */,
				2AA777BB1BEE9AEB00900B01 /* ColorListCell.swift in Sources */,
				2AC3815C1BA4498D009C7EFF /* TextSelectorViewContorller.swift in Sources */,
				2ABE8A5F1BE4BC5C00F9EB85 /* ProfileLabelCell.swift in Sources */,
				2AA777AB1BED4BF000900B01 /* CustomCellViewController.swift in Sources */,
				2A5325151BE4A55D00E4A3F2 /* ProfileFieldCell.swift in Sources */,
				2A5325101BE4935700E4A3F2 /* ProfileImageCell.swift in Sources */,
				2AA777B71BEE88BD00900B01 /* CenterLabelCell.swift in Sources */,
				2AC381551BA447D3009C7EFF /* TopViewController.swift in Sources */,
				2AC381571BA447D3009C7EFF /* UIColor+FormerDemo.swift in Sources */,
				2AC381541BA447D3009C7EFF /* DefaultsViewController.swift in Sources */,
				2AC3815A1BA447D3009C7EFF /* FormerInputAccessoryView.swift in Sources */,
				2AC381561BA447D3009C7EFF /* String+FormerDemo.swift in Sources */,
				2AC381531BA447D3009C7EFF /* ExampleViewController.swift in Sources */,
				2AC3814E1BA447D3009C7EFF /* AppDelegate.swift in Sources */,
				2AA777B31BEE80A800900B01 /* LoginViewController.swift in Sources */,
				2AA777A51BECED6200900B01 /* AddEventViewController.swift in Sources */,
				2AA777B51BEE86B000900B01 /* Login.swift in Sources */,
				2A53250E1BE48C3F00E4A3F2 /* EditProfileViewController.swift in Sources */,
				2ABE8A5D1BE4B81900F9EB85 /* Profile.swift in Sources */,
			);
			runOnlyForDeploymentPostprocessing = 0;
		};
/* End PBXSourcesBuildPhase section */

/* Begin PBXTargetDependency section */
		2A59E23C1BADDB4000A48997 /* PBXTargetDependency */ = {
			isa = PBXTargetDependency;
			name = Former;
			targetProxy = 2A59E23B1BADDB4000A48997 /* PBXContainerItemProxy */;
		};
/* End PBXTargetDependency section */

/* Begin PBXVariantGroup section */
		2AC3813D1BA447D3009C7EFF /* LaunchScreen.storyboard */ = {
			isa = PBXVariantGroup;
			children = (
				2AC3813E1BA447D3009C7EFF /* Base */,
			);
			name = LaunchScreen.storyboard;
			sourceTree = "<group>";
		};
/* End PBXVariantGroup section */

/* Begin XCBuildConfiguration section */
		2AC380F91BA44367009C7EFF /* Debug */ = {
			isa = XCBuildConfiguration;
			buildSettings = {
				ALWAYS_SEARCH_USER_PATHS = NO;
				CLANG_CXX_LANGUAGE_STANDARD = "gnu++0x";
				CLANG_CXX_LIBRARY = "libc++";
				CLANG_ENABLE_MODULES = YES;
				CLANG_ENABLE_OBJC_ARC = YES;
				CLANG_WARN_BOOL_CONVERSION = YES;
				CLANG_WARN_CONSTANT_CONVERSION = YES;
				CLANG_WARN_DIRECT_OBJC_ISA_USAGE = YES_ERROR;
				CLANG_WARN_EMPTY_BODY = YES;
				CLANG_WARN_ENUM_CONVERSION = YES;
				CLANG_WARN_INT_CONVERSION = YES;
				CLANG_WARN_OBJC_ROOT_CLASS = YES_ERROR;
				CLANG_WARN_UNREACHABLE_CODE = YES;
				CLANG_WARN__DUPLICATE_METHOD_MATCH = YES;
				CODE_SIGN_IDENTITY = "";
				"CODE_SIGN_IDENTITY[sdk=iphoneos*]" = "iPhone Developer";
				COPY_PHASE_STRIP = NO;
				DEBUG_INFORMATION_FORMAT = dwarf;
				ENABLE_STRICT_OBJC_MSGSEND = YES;
				ENABLE_TESTABILITY = YES;
				GCC_C_LANGUAGE_STANDARD = gnu99;
				GCC_DYNAMIC_NO_PIC = NO;
				GCC_NO_COMMON_BLOCKS = YES;
				GCC_OPTIMIZATION_LEVEL = 0;
				GCC_PREPROCESSOR_DEFINITIONS = (
					"DEBUG=1",
					"$(inherited)",
				);
				GCC_WARN_64_TO_32_BIT_CONVERSION = YES;
				GCC_WARN_ABOUT_RETURN_TYPE = YES_ERROR;
				GCC_WARN_UNDECLARED_SELECTOR = YES;
				GCC_WARN_UNINITIALIZED_AUTOS = YES_AGGRESSIVE;
				GCC_WARN_UNUSED_FUNCTION = YES;
				GCC_WARN_UNUSED_VARIABLE = YES;
				IPHONEOS_DEPLOYMENT_TARGET = 8.0;
				MTL_ENABLE_DEBUG_INFO = YES;
				ONLY_ACTIVE_ARCH = YES;
				SDKROOT = iphoneos;
				SWIFT_OPTIMIZATION_LEVEL = "-Onone";
			};
			name = Debug;
		};
		2AC380FA1BA44367009C7EFF /* Release */ = {
			isa = XCBuildConfiguration;
			buildSettings = {
				ALWAYS_SEARCH_USER_PATHS = NO;
				CLANG_CXX_LANGUAGE_STANDARD = "gnu++0x";
				CLANG_CXX_LIBRARY = "libc++";
				CLANG_ENABLE_MODULES = YES;
				CLANG_ENABLE_OBJC_ARC = YES;
				CLANG_WARN_BOOL_CONVERSION = YES;
				CLANG_WARN_CONSTANT_CONVERSION = YES;
				CLANG_WARN_DIRECT_OBJC_ISA_USAGE = YES_ERROR;
				CLANG_WARN_EMPTY_BODY = YES;
				CLANG_WARN_ENUM_CONVERSION = YES;
				CLANG_WARN_INT_CONVERSION = YES;
				CLANG_WARN_OBJC_ROOT_CLASS = YES_ERROR;
				CLANG_WARN_UNREACHABLE_CODE = YES;
				CLANG_WARN__DUPLICATE_METHOD_MATCH = YES;
				CODE_SIGN_IDENTITY = "";
				"CODE_SIGN_IDENTITY[sdk=iphoneos*]" = "iPhone Developer";
				COPY_PHASE_STRIP = NO;
				DEBUG_INFORMATION_FORMAT = "dwarf-with-dsym";
				ENABLE_NS_ASSERTIONS = NO;
				ENABLE_STRICT_OBJC_MSGSEND = YES;
				GCC_C_LANGUAGE_STANDARD = gnu99;
				GCC_NO_COMMON_BLOCKS = YES;
				GCC_WARN_64_TO_32_BIT_CONVERSION = YES;
				GCC_WARN_ABOUT_RETURN_TYPE = YES_ERROR;
				GCC_WARN_UNDECLARED_SELECTOR = YES;
				GCC_WARN_UNINITIALIZED_AUTOS = YES_AGGRESSIVE;
				GCC_WARN_UNUSED_FUNCTION = YES;
				GCC_WARN_UNUSED_VARIABLE = YES;
				IPHONEOS_DEPLOYMENT_TARGET = 8.0;
				MTL_ENABLE_DEBUG_INFO = NO;
				SDKROOT = iphoneos;
				VALIDATE_PRODUCT = YES;
			};
			name = Release;
		};
		2AC380FC1BA44367009C7EFF /* Debug */ = {
			isa = XCBuildConfiguration;
			buildSettings = {
				ASSETCATALOG_COMPILER_APPICON_NAME = AppIcon;
				CODE_SIGN_IDENTITY = "iPhone Developer";
				EMBEDDED_CONTENT_CONTAINS_SWIFT = YES;
				INFOPLIST_FILE = "Former-Demo/Info.plist";
				IPHONEOS_DEPLOYMENT_TARGET = 8.0;
				LD_RUNPATH_SEARCH_PATHS = "$(inherited) @executable_path/Frameworks";
				PRODUCT_BUNDLE_IDENTIFIER = "com.ryo.Former-Demo";
				PRODUCT_NAME = "$(TARGET_NAME)";
			};
			name = Debug;
		};
		2AC380FD1BA44367009C7EFF /* Release */ = {
			isa = XCBuildConfiguration;
			buildSettings = {
				ASSETCATALOG_COMPILER_APPICON_NAME = AppIcon;
				CODE_SIGN_IDENTITY = "iPhone Developer";
				EMBEDDED_CONTENT_CONTAINS_SWIFT = YES;
				INFOPLIST_FILE = "Former-Demo/Info.plist";
				IPHONEOS_DEPLOYMENT_TARGET = 8.0;
				LD_RUNPATH_SEARCH_PATHS = "$(inherited) @executable_path/Frameworks";
				PRODUCT_BUNDLE_IDENTIFIER = "com.ryo.Former-Demo";
				PRODUCT_NAME = "$(TARGET_NAME)";
			};
			name = Release;
		};
/* End XCBuildConfiguration section */

/* Begin XCConfigurationList section */
		2AC380E41BA44366009C7EFF /* Build configuration list for PBXProject "Former-Demo" */ = {
			isa = XCConfigurationList;
			buildConfigurations = (
				2AC380F91BA44367009C7EFF /* Debug */,
				2AC380FA1BA44367009C7EFF /* Release */,
			);
			defaultConfigurationIsVisible = 0;
			defaultConfigurationName = Release;
		};
		2AC380FB1BA44367009C7EFF /* Build configuration list for PBXNativeTarget "Former-Demo" */ = {
			isa = XCConfigurationList;
			buildConfigurations = (
				2AC380FC1BA44367009C7EFF /* Debug */,
				2AC380FD1BA44367009C7EFF /* Release */,
			);
			defaultConfigurationIsVisible = 0;
			defaultConfigurationName = Release;
		};
/* End XCConfigurationList section */
	};
	rootObject = 2AC380E11BA44366009C7EFF /* Project object */;
}
