// !$*UTF8*$!
{
	archiveVersion = 1;
	classes = {
	};
	objectVersion = 46;
	objects = {

/* Begin PBXBuildFile section */
		2A01AF841BBC4CBD0034EAEB /* BaseViewFormer.swift in Sources */ = {isa = PBXBuildFile; fileRef = 2A01AF831BBC4CBD0034EAEB /* BaseViewFormer.swift */; };
		2A3365BD1BBDB40800603F71 /* RowFormer.swift in Sources */ = {isa = PBXBuildFile; fileRef = 2A25C3071BBD1ED600BA800C /* RowFormer.swift */; };
		2A3365BE1BBDB41100603F71 /* ViewFormer.swift in Sources */ = {isa = PBXBuildFile; fileRef = 2A25C3081BBD1ED600BA800C /* ViewFormer.swift */; };
		2A65655F1BA43E9100C78E81 /* Former.h in Headers */ = {isa = PBXBuildFile; fileRef = 2A65655E1BA43E9100C78E81 /* Former.h */; settings = {ATTRIBUTES = (Public, ); }; };
		2A6566201BA4427D00C78E81 /* FormCell.swift in Sources */ = {isa = PBXBuildFile; fileRef = 2A6565EF1BA4427D00C78E81 /* FormCell.swift */; };
		2A6566211BA4427D00C78E81 /* FormCheckCell.swift in Sources */ = {isa = PBXBuildFile; fileRef = 2A6565F01BA4427D00C78E81 /* FormCheckCell.swift */; };
		2A6566221BA4427D00C78E81 /* FormDatePickerCell.swift in Sources */ = {isa = PBXBuildFile; fileRef = 2A6565F11BA4427D00C78E81 /* FormDatePickerCell.swift */; };
		2A6566231BA4427D00C78E81 /* FormInlineDatePickerCell.swift in Sources */ = {isa = PBXBuildFile; fileRef = 2A6565F21BA4427D00C78E81 /* FormInlineDatePickerCell.swift */; };
		2A6566241BA4427D00C78E81 /* FormInlinePickerCell.swift in Sources */ = {isa = PBXBuildFile; fileRef = 2A6565F31BA4427D00C78E81 /* FormInlinePickerCell.swift */; };
		2A6566251BA4427D00C78E81 /* FormPickerCell.swift in Sources */ = {isa = PBXBuildFile; fileRef = 2A6565F41BA4427D00C78E81 /* FormPickerCell.swift */; };
		2A6566261BA4427D00C78E81 /* FormSegmentedCell.swift in Sources */ = {isa = PBXBuildFile; fileRef = 2A6565F51BA4427D00C78E81 /* FormSegmentedCell.swift */; };
		2A6566271BA4427D00C78E81 /* FormSelectorDatePickerCell.swift in Sources */ = {isa = PBXBuildFile; fileRef = 2A6565F61BA4427D00C78E81 /* FormSelectorDatePickerCell.swift */; };
		2A6566281BA4427D00C78E81 /* FormSelectorPickerCell.swift in Sources */ = {isa = PBXBuildFile; fileRef = 2A6565F71BA4427D00C78E81 /* FormSelectorPickerCell.swift */; };
		2A6566291BA4427D00C78E81 /* FormSliderCell.swift in Sources */ = {isa = PBXBuildFile; fileRef = 2A6565F81BA4427D00C78E81 /* FormSliderCell.swift */; };
		2A65662A1BA4427D00C78E81 /* FormStepperCell.swift in Sources */ = {isa = PBXBuildFile; fileRef = 2A6565F91BA4427D00C78E81 /* FormStepperCell.swift */; };
		2A65662B1BA4427D00C78E81 /* FormSwitchCell.swift in Sources */ = {isa = PBXBuildFile; fileRef = 2A6565FA1BA4427D00C78E81 /* FormSwitchCell.swift */; };
		2A65662C1BA4427D00C78E81 /* FormLabelCell.swift in Sources */ = {isa = PBXBuildFile; fileRef = 2A6565FB1BA4427D00C78E81 /* FormLabelCell.swift */; };
		2A65662D1BA4427D00C78E81 /* FormTextFieldCell.swift in Sources */ = {isa = PBXBuildFile; fileRef = 2A6565FC1BA4427D00C78E81 /* FormTextFieldCell.swift */; };
		2A65662E1BA4427D00C78E81 /* FormTextViewCell.swift in Sources */ = {isa = PBXBuildFile; fileRef = 2A6565FD1BA4427D00C78E81 /* FormTextViewCell.swift */; };
		2A65662F1BA4427D00C78E81 /* Former.swift in Sources */ = {isa = PBXBuildFile; fileRef = 2A6565FF1BA4427D00C78E81 /* Former.swift */; };
		2A6566321BA4427D00C78E81 /* SectionFormer.swift in Sources */ = {isa = PBXBuildFile; fileRef = 2A6566021BA4427D00C78E81 /* SectionFormer.swift */; };
		2A6566341BA4427D00C78E81 /* FormViewController.swift in Sources */ = {isa = PBXBuildFile; fileRef = 2A6566051BA4427D00C78E81 /* FormViewController.swift */; };
		2A6566361BA4427D00C78E81 /* UITableViewCell+Former.swift in Sources */ = {isa = PBXBuildFile; fileRef = 2A6566081BA4427D00C78E81 /* UITableViewCell+Former.swift */; };
		2A6566381BA4427D00C78E81 /* CheckRowFormer.swift in Sources */ = {isa = PBXBuildFile; fileRef = 2A65660B1BA4427D00C78E81 /* CheckRowFormer.swift */; };
		2A6566391BA4427D00C78E81 /* DatePickerRowFormer.swift in Sources */ = {isa = PBXBuildFile; fileRef = 2A65660C1BA4427D00C78E81 /* DatePickerRowFormer.swift */; };
		2A65663A1BA4427D00C78E81 /* InlineDatePickerRowFormer.swift in Sources */ = {isa = PBXBuildFile; fileRef = 2A65660D1BA4427D00C78E81 /* InlineDatePickerRowFormer.swift */; };
		2A65663B1BA4427D00C78E81 /* InlinePickerRowFormer.swift in Sources */ = {isa = PBXBuildFile; fileRef = 2A65660E1BA4427D00C78E81 /* InlinePickerRowFormer.swift */; };
		2A65663C1BA4427D00C78E81 /* PickerRowFormer.swift in Sources */ = {isa = PBXBuildFile; fileRef = 2A65660F1BA4427D00C78E81 /* PickerRowFormer.swift */; };
		2A65663E1BA4427D00C78E81 /* SegmentedRowFormer.swift in Sources */ = {isa = PBXBuildFile; fileRef = 2A6566111BA4427D00C78E81 /* SegmentedRowFormer.swift */; };
		2A65663F1BA4427D00C78E81 /* SelectorDatePickerRowFormer.swift in Sources */ = {isa = PBXBuildFile; fileRef = 2A6566121BA4427D00C78E81 /* SelectorDatePickerRowFormer.swift */; };
		2A6566401BA4427D00C78E81 /* SelectorPickerRowFormer.swift in Sources */ = {isa = PBXBuildFile; fileRef = 2A6566131BA4427D00C78E81 /* SelectorPickerRowFormer.swift */; };
		2A6566411BA4427D00C78E81 /* SliderRowFormer.swift in Sources */ = {isa = PBXBuildFile; fileRef = 2A6566141BA4427D00C78E81 /* SliderRowFormer.swift */; };
		2A6566421BA4427D00C78E81 /* StepperRowFormer.swift in Sources */ = {isa = PBXBuildFile; fileRef = 2A6566151BA4427D00C78E81 /* StepperRowFormer.swift */; };
		2A6566431BA4427D00C78E81 /* SwitchRowFormer.swift in Sources */ = {isa = PBXBuildFile; fileRef = 2A6566161BA4427D00C78E81 /* SwitchRowFormer.swift */; };
		2A6566441BA4427D00C78E81 /* TextFieldRowFormer.swift in Sources */ = {isa = PBXBuildFile; fileRef = 2A6566171BA4427D00C78E81 /* TextFieldRowFormer.swift */; };
		2A6566451BA4427D00C78E81 /* LabelRowFormer.swift in Sources */ = {isa = PBXBuildFile; fileRef = 2A6566181BA4427D00C78E81 /* LabelRowFormer.swift */; };
		2A6566461BA4427D00C78E81 /* TextViewRowFormer.swift in Sources */ = {isa = PBXBuildFile; fileRef = 2A6566191BA4427D00C78E81 /* TextViewRowFormer.swift */; };
		2A6566471BA4427D00C78E81 /* LabelViewFormer.swift in Sources */ = {isa = PBXBuildFile; fileRef = 2A65661B1BA4427D00C78E81 /* LabelViewFormer.swift */; };
		2A6566481BA4427D00C78E81 /* FormHeaderFooterView.swift in Sources */ = {isa = PBXBuildFile; fileRef = 2A65661D1BA4427D00C78E81 /* FormHeaderFooterView.swift */; };
		2A6566491BA4427D00C78E81 /* FormLabelFooterView.swift in Sources */ = {isa = PBXBuildFile; fileRef = 2A65661E1BA4427D00C78E81 /* FormLabelFooterView.swift */; };
		2A65664A1BA4427D00C78E81 /* FormLabelHeaderView.swift in Sources */ = {isa = PBXBuildFile; fileRef = 2A65661F1BA4427D00C78E81 /* FormLabelHeaderView.swift */; };
		2AA7779D1BEB55DF00900B01 /* CustomRowFormer.swift in Sources */ = {isa = PBXBuildFile; fileRef = 2AA7779C1BEB55DF00900B01 /* CustomRowFormer.swift */; };
		2AA777A91BED099000900B01 /* CustomViewFormer.swift in Sources */ = {isa = PBXBuildFile; fileRef = 2AA777A81BED099000900B01 /* CustomViewFormer.swift */; };
		2AA795621BBC3A4D005949B9 /* BaseRowFormer.swift in Sources */ = {isa = PBXBuildFile; fileRef = 2AA795611BBC3A4D005949B9 /* BaseRowFormer.swift */; };
		2AF88D8F1BD92B8B00CFFDAC /* FormerProtocol.swift in Sources */ = {isa = PBXBuildFile; fileRef = 2AF88D8E1BD92B8B00CFFDAC /* FormerProtocol.swift */; };
/* End PBXBuildFile section */

/* Begin PBXFileReference section */
		2A01AF831BBC4CBD0034EAEB /* BaseViewFormer.swift */ = {isa = PBXFileReference; fileEncoding = 4; lastKnownFileType = sourcecode.swift; path = BaseViewFormer.swift; sourceTree = "<group>"; };
		2A25C3071BBD1ED600BA800C /* RowFormer.swift */ = {isa = PBXFileReference; fileEncoding = 4; lastKnownFileType = sourcecode.swift; path = RowFormer.swift; sourceTree = "<group>"; };
		2A25C3081BBD1ED600BA800C /* ViewFormer.swift */ = {isa = PBXFileReference; fileEncoding = 4; lastKnownFileType = sourcecode.swift; path = ViewFormer.swift; sourceTree = "<group>"; };
		2A65655E1BA43E9100C78E81 /* Former.h */ = {isa = PBXFileReference; lastKnownFileType = sourcecode.c.h; path = Former.h; sourceTree = "<group>"; };
		2A6565601BA43E9100C78E81 /* Info.plist */ = {isa = PBXFileReference; lastKnownFileType = text.plist.xml; path = Info.plist; sourceTree = "<group>"; };
		2A6565EF1BA4427D00C78E81 /* FormCell.swift */ = {isa = PBXFileReference; fileEncoding = 4; lastKnownFileType = sourcecode.swift; path = FormCell.swift; sourceTree = "<group>"; };
		2A6565F01BA4427D00C78E81 /* FormCheckCell.swift */ = {isa = PBXFileReference; fileEncoding = 4; lastKnownFileType = sourcecode.swift; path = FormCheckCell.swift; sourceTree = "<group>"; };
		2A6565F11BA4427D00C78E81 /* FormDatePickerCell.swift */ = {isa = PBXFileReference; fileEncoding = 4; lastKnownFileType = sourcecode.swift; path = FormDatePickerCell.swift; sourceTree = "<group>"; };
		2A6565F21BA4427D00C78E81 /* FormInlineDatePickerCell.swift */ = {isa = PBXFileReference; fileEncoding = 4; lastKnownFileType = sourcecode.swift; path = FormInlineDatePickerCell.swift; sourceTree = "<group>"; };
		2A6565F31BA4427D00C78E81 /* FormInlinePickerCell.swift */ = {isa = PBXFileReference; fileEncoding = 4; lastKnownFileType = sourcecode.swift; path = FormInlinePickerCell.swift; sourceTree = "<group>"; };
		2A6565F41BA4427D00C78E81 /* FormPickerCell.swift */ = {isa = PBXFileReference; fileEncoding = 4; lastKnownFileType = sourcecode.swift; path = FormPickerCell.swift; sourceTree = "<group>"; };
		2A6565F51BA4427D00C78E81 /* FormSegmentedCell.swift */ = {isa = PBXFileReference; fileEncoding = 4; lastKnownFileType = sourcecode.swift; path = FormSegmentedCell.swift; sourceTree = "<group>"; };
		2A6565F61BA4427D00C78E81 /* FormSelectorDatePickerCell.swift */ = {isa = PBXFileReference; fileEncoding = 4; lastKnownFileType = sourcecode.swift; path = FormSelectorDatePickerCell.swift; sourceTree = "<group>"; };
		2A6565F71BA4427D00C78E81 /* FormSelectorPickerCell.swift */ = {isa = PBXFileReference; fileEncoding = 4; lastKnownFileType = sourcecode.swift; path = FormSelectorPickerCell.swift; sourceTree = "<group>"; };
		2A6565F81BA4427D00C78E81 /* FormSliderCell.swift */ = {isa = PBXFileReference; fileEncoding = 4; lastKnownFileType = sourcecode.swift; path = FormSliderCell.swift; sourceTree = "<group>"; };
		2A6565F91BA4427D00C78E81 /* FormStepperCell.swift */ = {isa = PBXFileReference; fileEncoding = 4; lastKnownFileType = sourcecode.swift; path = FormStepperCell.swift; sourceTree = "<group>"; };
		2A6565FA1BA4427D00C78E81 /* FormSwitchCell.swift */ = {isa = PBXFileReference; fileEncoding = 4; lastKnownFileType = sourcecode.swift; path = FormSwitchCell.swift; sourceTree = "<group>"; };
		2A6565FB1BA4427D00C78E81 /* FormLabelCell.swift */ = {isa = PBXFileReference; fileEncoding = 4; lastKnownFileType = sourcecode.swift; path = FormLabelCell.swift; sourceTree = "<group>"; };
		2A6565FC1BA4427D00C78E81 /* FormTextFieldCell.swift */ = {isa = PBXFileReference; fileEncoding = 4; lastKnownFileType = sourcecode.swift; path = FormTextFieldCell.swift; sourceTree = "<group>"; };
		2A6565FD1BA4427D00C78E81 /* FormTextViewCell.swift */ = {isa = PBXFileReference; fileEncoding = 4; lastKnownFileType = sourcecode.swift; path = FormTextViewCell.swift; sourceTree = "<group>"; };
		2A6565FF1BA4427D00C78E81 /* Former.swift */ = {isa = PBXFileReference; fileEncoding = 4; lastKnownFileType = sourcecode.swift; path = Former.swift; sourceTree = "<group>"; };
		2A6566021BA4427D00C78E81 /* SectionFormer.swift */ = {isa = PBXFileReference; fileEncoding = 4; lastKnownFileType = sourcecode.swift; path = SectionFormer.swift; sourceTree = "<group>"; };
		2A6566051BA4427D00C78E81 /* FormViewController.swift */ = {isa = PBXFileReference; fileEncoding = 4; lastKnownFileType = sourcecode.swift; path = FormViewController.swift; sourceTree = "<group>"; };
		2A6566081BA4427D00C78E81 /* UITableViewCell+Former.swift */ = {isa = PBXFileReference; fileEncoding = 4; lastKnownFileType = sourcecode.swift; path = "UITableViewCell+Former.swift"; sourceTree = "<group>"; };
		2A65660B1BA4427D00C78E81 /* CheckRowFormer.swift */ = {isa = PBXFileReference; fileEncoding = 4; lastKnownFileType = sourcecode.swift; path = CheckRowFormer.swift; sourceTree = "<group>"; };
		2A65660C1BA4427D00C78E81 /* DatePickerRowFormer.swift */ = {isa = PBXFileReference; fileEncoding = 4; lastKnownFileType = sourcecode.swift; path = DatePickerRowFormer.swift; sourceTree = "<group>"; };
		2A65660D1BA4427D00C78E81 /* InlineDatePickerRowFormer.swift */ = {isa = PBXFileReference; fileEncoding = 4; lastKnownFileType = sourcecode.swift; path = InlineDatePickerRowFormer.swift; sourceTree = "<group>"; };
		2A65660E1BA4427D00C78E81 /* InlinePickerRowFormer.swift */ = {isa = PBXFileReference; fileEncoding = 4; lastKnownFileType = sourcecode.swift; path = InlinePickerRowFormer.swift; sourceTree = "<group>"; };
		2A65660F1BA4427D00C78E81 /* PickerRowFormer.swift */ = {isa = PBXFileReference; fileEncoding = 4; lastKnownFileType = sourcecode.swift; path = PickerRowFormer.swift; sourceTree = "<group>"; };
		2A6566111BA4427D00C78E81 /* SegmentedRowFormer.swift */ = {isa = PBXFileReference; fileEncoding = 4; lastKnownFileType = sourcecode.swift; path = SegmentedRowFormer.swift; sourceTree = "<group>"; };
		2A6566121BA4427D00C78E81 /* SelectorDatePickerRowFormer.swift */ = {isa = PBXFileReference; fileEncoding = 4; lastKnownFileType = sourcecode.swift; path = SelectorDatePickerRowFormer.swift; sourceTree = "<group>"; };
		2A6566131BA4427D00C78E81 /* SelectorPickerRowFormer.swift */ = {isa = PBXFileReference; fileEncoding = 4; lastKnownFileType = sourcecode.swift; path = SelectorPickerRowFormer.swift; sourceTree = "<group>"; };
		2A6566141BA4427D00C78E81 /* SliderRowFormer.swift */ = {isa = PBXFileReference; fileEncoding = 4; lastKnownFileType = sourcecode.swift; path = SliderRowFormer.swift; sourceTree = "<group>"; };
		2A6566151BA4427D00C78E81 /* StepperRowFormer.swift */ = {isa = PBXFileReference; fileEncoding = 4; lastKnownFileType = sourcecode.swift; path = StepperRowFormer.swift; sourceTree = "<group>"; };
		2A6566161BA4427D00C78E81 /* SwitchRowFormer.swift */ = {isa = PBXFileReference; fileEncoding = 4; lastKnownFileType = sourcecode.swift; path = SwitchRowFormer.swift; sourceTree = "<group>"; };
		2A6566171BA4427D00C78E81 /* TextFieldRowFormer.swift */ = {isa = PBXFileReference; fileEncoding = 4; lastKnownFileType = sourcecode.swift; path = TextFieldRowFormer.swift; sourceTree = "<group>"; };
		2A6566181BA4427D00C78E81 /* LabelRowFormer.swift */ = {isa = PBXFileReference; fileEncoding = 4; lastKnownFileType = sourcecode.swift; path = LabelRowFormer.swift; sourceTree = "<group>"; };
		2A6566191BA4427D00C78E81 /* TextViewRowFormer.swift */ = {isa = PBXFileReference; fileEncoding = 4; lastKnownFileType = sourcecode.swift; path = TextViewRowFormer.swift; sourceTree = "<group>"; };
		2A65661B1BA4427D00C78E81 /* LabelViewFormer.swift */ = {isa = PBXFileReference; fileEncoding = 4; lastKnownFileType = sourcecode.swift; path = LabelViewFormer.swift; sourceTree = "<group>"; };
		2A65661D1BA4427D00C78E81 /* FormHeaderFooterView.swift */ = {isa = PBXFileReference; fileEncoding = 4; lastKnownFileType = sourcecode.swift; path = FormHeaderFooterView.swift; sourceTree = "<group>"; };
		2A65661E1BA4427D00C78E81 /* FormLabelFooterView.swift */ = {isa = PBXFileReference; fileEncoding = 4; lastKnownFileType = sourcecode.swift; path = FormLabelFooterView.swift; sourceTree = "<group>"; };
		2A65661F1BA4427D00C78E81 /* FormLabelHeaderView.swift */ = {isa = PBXFileReference; fileEncoding = 4; lastKnownFileType = sourcecode.swift; path = FormLabelHeaderView.swift; sourceTree = "<group>"; };
		2A7D956C1BA4528700F0B005 /* Former.framework */ = {isa = PBXFileReference; explicitFileType = wrapper.framework; includeInIndex = 0; path = Former.framework; sourceTree = BUILT_PRODUCTS_DIR; };
		2AA7779C1BEB55DF00900B01 /* CustomRowFormer.swift */ = {isa = PBXFileReference; fileEncoding = 4; lastKnownFileType = sourcecode.swift; path = CustomRowFormer.swift; sourceTree = "<group>"; };
		2AA777A81BED099000900B01 /* CustomViewFormer.swift */ = {isa = PBXFileReference; fileEncoding = 4; lastKnownFileType = sourcecode.swift; path = CustomViewFormer.swift; sourceTree = "<group>"; };
		2AA795611BBC3A4D005949B9 /* BaseRowFormer.swift */ = {isa = PBXFileReference; fileEncoding = 4; lastKnownFileType = sourcecode.swift; path = BaseRowFormer.swift; sourceTree = "<group>"; };
		2AF88D8E1BD92B8B00CFFDAC /* FormerProtocol.swift */ = {isa = PBXFileReference; fileEncoding = 4; lastKnownFileType = sourcecode.swift; path = FormerProtocol.swift; sourceTree = "<group>"; };
/* End PBXFileReference section */

/* Begin PBXFrameworksBuildPhase section */
		2A6565571BA43E9100C78E81 /* Frameworks */ = {
			isa = PBXFrameworksBuildPhase;
			buildActionMask = 2147483647;
			files = (
			);
			runOnlyForDeploymentPostprocessing = 0;
		};
/* End PBXFrameworksBuildPhase section */

/* Begin PBXGroup section */
		2A6565511BA43E9100C78E81 = {
			isa = PBXGroup;
			children = (
				2A65655D1BA43E9100C78E81 /* Former */,
				2A7D956C1BA4528700F0B005 /* Former.framework */,
			);
			sourceTree = "<group>";
		};
		2A65655D1BA43E9100C78E81 /* Former */ = {
			isa = PBXGroup;
			children = (
				2A6565EE1BA4427D00C78E81 /* Cells */,
				2A6565FE1BA4427D00C78E81 /* Commons */,
				2A6566041BA4427D00C78E81 /* Controllers */,
				2A6566061BA4427D00C78E81 /* Helpers */,
				2A65660A1BA4427D00C78E81 /* RowFormers */,
				2A65661A1BA4427D00C78E81 /* ViewFormers */,
				2A65661C1BA4427D00C78E81 /* Views */,
				2A65655E1BA43E9100C78E81 /* Former.h */,
				2A6565601BA43E9100C78E81 /* Info.plist */,
			);
			path = Former;
			sourceTree = "<group>";
		};
		2A6565EE1BA4427D00C78E81 /* Cells */ = {
			isa = PBXGroup;
			children = (
				2A6565EF1BA4427D00C78E81 /* FormCell.swift */,
				2A6565F01BA4427D00C78E81 /* FormCheckCell.swift */,
				2A6565F11BA4427D00C78E81 /* FormDatePickerCell.swift */,
				2A6565F21BA4427D00C78E81 /* FormInlineDatePickerCell.swift */,
				2A6565F31BA4427D00C78E81 /* FormInlinePickerCell.swift */,
				2A6565F41BA4427D00C78E81 /* FormPickerCell.swift */,
				2A6565F51BA4427D00C78E81 /* FormSegmentedCell.swift */,
				2A6565F61BA4427D00C78E81 /* FormSelectorDatePickerCell.swift */,
				2A6565F71BA4427D00C78E81 /* FormSelectorPickerCell.swift */,
				2A6565F81BA4427D00C78E81 /* FormSliderCell.swift */,
				2A6565F91BA4427D00C78E81 /* FormStepperCell.swift */,
				2A6565FA1BA4427D00C78E81 /* FormSwitchCell.swift */,
				2A6565FB1BA4427D00C78E81 /* FormLabelCell.swift */,
				2A6565FC1BA4427D00C78E81 /* FormTextFieldCell.swift */,
				2A6565FD1BA4427D00C78E81 /* FormTextViewCell.swift */,
			);
			path = Cells;
			sourceTree = "<group>";
		};
		2A6565FE1BA4427D00C78E81 /* Commons */ = {
			isa = PBXGroup;
			children = (
				2A25C3071BBD1ED600BA800C /* RowFormer.swift */,
				2A25C3081BBD1ED600BA800C /* ViewFormer.swift */,
				2A6565FF1BA4427D00C78E81 /* Former.swift */,
				2A6566021BA4427D00C78E81 /* SectionFormer.swift */,
				2AF88D8E1BD92B8B00CFFDAC /* FormerProtocol.swift */,
			);
			path = Commons;
			sourceTree = "<group>";
		};
		2A6566041BA4427D00C78E81 /* Controllers */ = {
			isa = PBXGroup;
			children = (
				2A6566051BA4427D00C78E81 /* FormViewController.swift */,
			);
			path = Controllers;
			sourceTree = "<group>";
		};
		2A6566061BA4427D00C78E81 /* Helpers */ = {
			isa = PBXGroup;
			children = (
				2A6566081BA4427D00C78E81 /* UITableViewCell+Former.swift */,
			);
			path = Helpers;
			sourceTree = "<group>";
		};
		2A65660A1BA4427D00C78E81 /* RowFormers */ = {
			isa = PBXGroup;
			children = (
				2AA795611BBC3A4D005949B9 /* BaseRowFormer.swift */,
				2AA7779C1BEB55DF00900B01 /* CustomRowFormer.swift */,
				2A65660B1BA4427D00C78E81 /* CheckRowFormer.swift */,
				2A65660C1BA4427D00C78E81 /* DatePickerRowFormer.swift */,
				2A65660D1BA4427D00C78E81 /* InlineDatePickerRowFormer.swift */,
				2A65660E1BA4427D00C78E81 /* InlinePickerRowFormer.swift */,
				2A65660F1BA4427D00C78E81 /* PickerRowFormer.swift */,
				2A6566111BA4427D00C78E81 /* SegmentedRowFormer.swift */,
				2A6566121BA4427D00C78E81 /* SelectorDatePickerRowFormer.swift */,
				2A6566131BA4427D00C78E81 /* SelectorPickerRowFormer.swift */,
				2A6566141BA4427D00C78E81 /* SliderRowFormer.swift */,
				2A6566151BA4427D00C78E81 /* StepperRowFormer.swift */,
				2A6566161BA4427D00C78E81 /* SwitchRowFormer.swift */,
				2A6566171BA4427D00C78E81 /* TextFieldRowFormer.swift */,
				2A6566181BA4427D00C78E81 /* LabelRowFormer.swift */,
				2A6566191BA4427D00C78E81 /* TextViewRowFormer.swift */,
			);
			path = RowFormers;
			sourceTree = "<group>";
		};
		2A65661A1BA4427D00C78E81 /* ViewFormers */ = {
			isa = PBXGroup;
			children = (
				2A01AF831BBC4CBD0034EAEB /* BaseViewFormer.swift */,
				2AA777A81BED099000900B01 /* CustomViewFormer.swift */,
				2A65661B1BA4427D00C78E81 /* LabelViewFormer.swift */,
			);
			path = ViewFormers;
			sourceTree = "<group>";
		};
		2A65661C1BA4427D00C78E81 /* Views */ = {
			isa = PBXGroup;
			children = (
				2A65661D1BA4427D00C78E81 /* FormHeaderFooterView.swift */,
				2A65661E1BA4427D00C78E81 /* FormLabelFooterView.swift */,
				2A65661F1BA4427D00C78E81 /* FormLabelHeaderView.swift */,
			);
			path = Views;
			sourceTree = "<group>";
		};
/* End PBXGroup section */

/* Begin PBXHeadersBuildPhase section */
		2A6565581BA43E9100C78E81 /* Headers */ = {
			isa = PBXHeadersBuildPhase;
			buildActionMask = 2147483647;
			files = (
				2A65655F1BA43E9100C78E81 /* Former.h in Headers */,
			);
			runOnlyForDeploymentPostprocessing = 0;
		};
/* End PBXHeadersBuildPhase section */

/* Begin PBXNativeTarget section */
		2A65655A1BA43E9100C78E81 /* Former */ = {
			isa = PBXNativeTarget;
			buildConfigurationList = 2A6565631BA43E9100C78E81 /* Build configuration list for PBXNativeTarget "Former" */;
			buildPhases = (
				2A6565561BA43E9100C78E81 /* Sources */,
				2A6565571BA43E9100C78E81 /* Frameworks */,
				2A6565581BA43E9100C78E81 /* Headers */,
				2A6565591BA43E9100C78E81 /* Resources */,
			);
			buildRules = (
			);
			dependencies = (
			);
			name = Former;
			productName = Former;
			productReference = 2A7D956C1BA4528700F0B005 /* Former.framework */;
			productType = "com.apple.product-type.framework";
		};
/* End PBXNativeTarget section */

/* Begin PBXProject section */
		2A6565521BA43E9100C78E81 /* Project object */ = {
			isa = PBXProject;
			attributes = {
				LastUpgradeCheck = 0700;
				ORGANIZATIONNAME = "Ryo Aoyama";
				TargetAttributes = {
					2A65655A1BA43E9100C78E81 = {
						CreatedOnToolsVersion = 7.0;
					};
				};
			};
			buildConfigurationList = 2A6565551BA43E9100C78E81 /* Build configuration list for PBXProject "Former" */;
			compatibilityVersion = "Xcode 3.2";
			developmentRegion = English;
			hasScannedForEncodings = 0;
			knownRegions = (
				en,
				Base,
			);
			mainGroup = 2A6565511BA43E9100C78E81;
			productRefGroup = 2A6565511BA43E9100C78E81;
			projectDirPath = "";
			projectRoot = "";
			targets = (
				2A65655A1BA43E9100C78E81 /* Former */,
			);
		};
/* End PBXProject section */

/* Begin PBXResourcesBuildPhase section */
		2A6565591BA43E9100C78E81 /* Resources */ = {
			isa = PBXResourcesBuildPhase;
			buildActionMask = 2147483647;
			files = (
			);
			runOnlyForDeploymentPostprocessing = 0;
		};
/* End PBXResourcesBuildPhase section */

/* Begin PBXSourcesBuildPhase section */
		2A6565561BA43E9100C78E81 /* Sources */ = {
			isa = PBXSourcesBuildPhase;
			buildActionMask = 2147483647;
			files = (
				2A3365BE1BBDB41100603F71 /* ViewFormer.swift in Sources */,
				2A3365BD1BBDB40800603F71 /* RowFormer.swift in Sources */,
				2AF88D8F1BD92B8B00CFFDAC /* FormerProtocol.swift in Sources */,
				2A65663C1BA4427D00C78E81 /* PickerRowFormer.swift in Sources */,
				2A6566461BA4427D00C78E81 /* TextViewRowFormer.swift in Sources */,
				2A6566341BA4427D00C78E81 /* FormViewController.swift in Sources */,
				2A6566281BA4427D00C78E81 /* FormSelectorPickerCell.swift in Sources */,
				2A6566321BA4427D00C78E81 /* SectionFormer.swift in Sources */,
				2A6566411BA4427D00C78E81 /* SliderRowFormer.swift in Sources */,
				2A6566291BA4427D00C78E81 /* FormSliderCell.swift in Sources */,
				2AA777A91BED099000900B01 /* CustomViewFormer.swift in Sources */,
				2A65662F1BA4427D00C78E81 /* Former.swift in Sources */,
				2A65662D1BA4427D00C78E81 /* FormTextFieldCell.swift in Sources */,
				2A65664A1BA4427D00C78E81 /* FormLabelHeaderView.swift in Sources */,
				2A6566471BA4427D00C78E81 /* LabelViewFormer.swift in Sources */,
				2A6566491BA4427D00C78E81 /* FormLabelFooterView.swift in Sources */,
				2A6566391BA4427D00C78E81 /* DatePickerRowFormer.swift in Sources */,
				2A6566381BA4427D00C78E81 /* CheckRowFormer.swift in Sources */,
				2A6566361BA4427D00C78E81 /* UITableViewCell+Former.swift in Sources */,
				2A6566261BA4427D00C78E81 /* FormSegmentedCell.swift in Sources */,
				2A6566431BA4427D00C78E81 /* SwitchRowFormer.swift in Sources */,
				2A6566271BA4427D00C78E81 /* FormSelectorDatePickerCell.swift in Sources */,
				2A6566451BA4427D00C78E81 /* LabelRowFormer.swift in Sources */,
				2A6566251BA4427D00C78E81 /* FormPickerCell.swift in Sources */,
				2A65662A1BA4427D00C78E81 /* FormStepperCell.swift in Sources */,
				2A65662B1BA4427D00C78E81 /* FormSwitchCell.swift in Sources */,
				2A6566441BA4427D00C78E81 /* TextFieldRowFormer.swift in Sources */,
				2A65662C1BA4427D00C78E81 /* FormLabelCell.swift in Sources */,
				2A6566481BA4427D00C78E81 /* FormHeaderFooterView.swift in Sources */,
				2A6566201BA4427D00C78E81 /* FormCell.swift in Sources */,
				2AA795621BBC3A4D005949B9 /* BaseRowFormer.swift in Sources */,
				2A6566401BA4427D00C78E81 /* SelectorPickerRowFormer.swift in Sources */,
				2A01AF841BBC4CBD0034EAEB /* BaseViewFormer.swift in Sources */,
				2A65663F1BA4427D00C78E81 /* SelectorDatePickerRowFormer.swift in Sources */,
				2AA7779D1BEB55DF00900B01 /* CustomRowFormer.swift in Sources */,
				2A6566241BA4427D00C78E81 /* FormInlinePickerCell.swift in Sources */,
				2A65662E1BA4427D00C78E81 /* FormTextViewCell.swift in Sources */,
				2A6566421BA4427D00C78E81 /* StepperRowFormer.swift in Sources */,
				2A6566211BA4427D00C78E81 /* FormCheckCell.swift in Sources */,
				2A65663A1BA4427D00C78E81 /* InlineDatePickerRowFormer.swift in Sources */,
				2A65663E1BA4427D00C78E81 /* SegmentedRowFormer.swift in Sources */,
				2A6566231BA4427D00C78E81 /* FormInlineDatePickerCell.swift in Sources */,
				2A65663B1BA4427D00C78E81 /* InlinePickerRowFormer.swift in Sources */,
				2A6566221BA4427D00C78E81 /* FormDatePickerCell.swift in Sources */,
			);
			runOnlyForDeploymentPostprocessing = 0;
		};
/* End PBXSourcesBuildPhase section */

/* Begin XCBuildConfiguration section */
		2A6565611BA43E9100C78E81 /* Debug */ = {
			isa = XCBuildConfiguration;
			buildSettings = {
				ALWAYS_SEARCH_USER_PATHS = NO;
				CLANG_CXX_LANGUAGE_STANDARD = "gnu++0x";
				CLANG_CXX_LIBRARY = "libc++";
				CLANG_ENABLE_MODULES = YES;
				CLANG_ENABLE_OBJC_ARC = YES;
				CLANG_WARN_BOOL_CONVERSION = YES;
				CLANG_WARN_CONSTANT_CONVERSION = YES;
				CLANG_WARN_DIRECT_OBJC_ISA_USAGE = YES_ERROR;
				CLANG_WARN_EMPTY_BODY = YES;
				CLANG_WARN_ENUM_CONVERSION = YES;
				CLANG_WARN_INT_CONVERSION = YES;
				CLANG_WARN_OBJC_ROOT_CLASS = YES_ERROR;
				CLANG_WARN_UNREACHABLE_CODE = YES;
				CLANG_WARN__DUPLICATE_METHOD_MATCH = YES;
				"CODE_SIGN_IDENTITY[sdk=iphoneos*]" = "iPhone Developer";
				COPY_PHASE_STRIP = NO;
				CURRENT_PROJECT_VERSION = 1;
				DEBUG_INFORMATION_FORMAT = dwarf;
				ENABLE_STRICT_OBJC_MSGSEND = YES;
				ENABLE_TESTABILITY = YES;
				GCC_C_LANGUAGE_STANDARD = gnu99;
				GCC_DYNAMIC_NO_PIC = NO;
				GCC_NO_COMMON_BLOCKS = YES;
				GCC_OPTIMIZATION_LEVEL = 0;
				GCC_PREPROCESSOR_DEFINITIONS = (
					"DEBUG=1",
					"$(inherited)",
				);
				GCC_WARN_64_TO_32_BIT_CONVERSION = YES;
				GCC_WARN_ABOUT_RETURN_TYPE = YES_ERROR;
				GCC_WARN_UNDECLARED_SELECTOR = YES;
				GCC_WARN_UNINITIALIZED_AUTOS = YES_AGGRESSIVE;
				GCC_WARN_UNUSED_FUNCTION = YES;
				GCC_WARN_UNUSED_VARIABLE = YES;
				IPHONEOS_DEPLOYMENT_TARGET = 8.0;
				MTL_ENABLE_DEBUG_INFO = YES;
				ONLY_ACTIVE_ARCH = YES;
				SDKROOT = iphoneos;
				SWIFT_OPTIMIZATION_LEVEL = "-Onone";
				TARGETED_DEVICE_FAMILY = "1,2";
				VERSIONING_SYSTEM = "apple-generic";
				VERSION_INFO_PREFIX = "";
			};
			name = Debug;
		};
		2A6565621BA43E9100C78E81 /* Release */ = {
			isa = XCBuildConfiguration;
			buildSettings = {
				ALWAYS_SEARCH_USER_PATHS = NO;
				CLANG_CXX_LANGUAGE_STANDARD = "gnu++0x";
				CLANG_CXX_LIBRARY = "libc++";
				CLANG_ENABLE_MODULES = YES;
				CLANG_ENABLE_OBJC_ARC = YES;
				CLANG_WARN_BOOL_CONVERSION = YES;
				CLANG_WARN_CONSTANT_CONVERSION = YES;
				CLANG_WARN_DIRECT_OBJC_ISA_USAGE = YES_ERROR;
				CLANG_WARN_EMPTY_BODY = YES;
				CLANG_WARN_ENUM_CONVERSION = YES;
				CLANG_WARN_INT_CONVERSION = YES;
				CLANG_WARN_OBJC_ROOT_CLASS = YES_ERROR;
				CLANG_WARN_UNREACHABLE_CODE = YES;
				CLANG_WARN__DUPLICATE_METHOD_MATCH = YES;
				"CODE_SIGN_IDENTITY[sdk=iphoneos*]" = "iPhone Developer";
				COPY_PHASE_STRIP = NO;
				CURRENT_PROJECT_VERSION = 1;
				DEBUG_INFORMATION_FORMAT = "dwarf-with-dsym";
				ENABLE_NS_ASSERTIONS = NO;
				ENABLE_STRICT_OBJC_MSGSEND = YES;
				GCC_C_LANGUAGE_STANDARD = gnu99;
				GCC_NO_COMMON_BLOCKS = YES;
				GCC_WARN_64_TO_32_BIT_CONVERSION = YES;
				GCC_WARN_ABOUT_RETURN_TYPE = YES_ERROR;
				GCC_WARN_UNDECLARED_SELECTOR = YES;
				GCC_WARN_UNINITIALIZED_AUTOS = YES_AGGRESSIVE;
				GCC_WARN_UNUSED_FUNCTION = YES;
				GCC_WARN_UNUSED_VARIABLE = YES;
				IPHONEOS_DEPLOYMENT_TARGET = 8.0;
				MTL_ENABLE_DEBUG_INFO = NO;
				SDKROOT = iphoneos;
				TARGETED_DEVICE_FAMILY = "1,2";
				VALIDATE_PRODUCT = YES;
				VERSIONING_SYSTEM = "apple-generic";
				VERSION_INFO_PREFIX = "";
			};
			name = Release;
		};
		2A6565641BA43E9100C78E81 /* Debug */ = {
			isa = XCBuildConfiguration;
			buildSettings = {
				DEFINES_MODULE = YES;
				DYLIB_COMPATIBILITY_VERSION = 1;
				DYLIB_CURRENT_VERSION = 1;
				DYLIB_INSTALL_NAME_BASE = "@rpath";
				INFOPLIST_FILE = Former/Info.plist;
				INSTALL_PATH = "$(LOCAL_LIBRARY_DIR)/Frameworks";
				IPHONEOS_DEPLOYMENT_TARGET = 8.0;
				LD_RUNPATH_SEARCH_PATHS = "$(inherited) @executable_path/Frameworks @loader_path/Frameworks";
				PRODUCT_BUNDLE_IDENTIFIER = com.ryo.Former;
				PRODUCT_NAME = "$(TARGET_NAME)";
				SKIP_INSTALL = YES;
			};
			name = Debug;
		};
		2A6565651BA43E9100C78E81 /* Release */ = {
			isa = XCBuildConfiguration;
			buildSettings = {
				DEFINES_MODULE = YES;
				DYLIB_COMPATIBILITY_VERSION = 1;
				DYLIB_CURRENT_VERSION = 1;
				DYLIB_INSTALL_NAME_BASE = "@rpath";
				INFOPLIST_FILE = Former/Info.plist;
				INSTALL_PATH = "$(LOCAL_LIBRARY_DIR)/Frameworks";
				IPHONEOS_DEPLOYMENT_TARGET = 8.0;
				LD_RUNPATH_SEARCH_PATHS = "$(inherited) @executable_path/Frameworks @loader_path/Frameworks";
				PRODUCT_BUNDLE_IDENTIFIER = com.ryo.Former;
				PRODUCT_NAME = "$(TARGET_NAME)";
				SKIP_INSTALL = YES;
			};
			name = Release;
		};
/* End XCBuildConfiguration section */

/* Begin XCConfigurationList section */
		2A6565551BA43E9100C78E81 /* Build configuration list for PBXProject "Former" */ = {
			isa = XCConfigurationList;
			buildConfigurations = (
				2A6565611BA43E9100C78E81 /* Debug */,
				2A6565621BA43E9100C78E81 /* Release */,
			);
			defaultConfigurationIsVisible = 0;
			defaultConfigurationName = Release;
		};
		2A6565631BA43E9100C78E81 /* Build configuration list for PBXNativeTarget "Former" */ = {
			isa = XCConfigurationList;
			buildConfigurations = (
				2A6565641BA43E9100C78E81 /* Debug */,
				2A6565651BA43E9100C78E81 /* Release */,
			);
			defaultConfigurationIsVisible = 0;
			defaultConfigurationName = Release;
		};
/* End XCConfigurationList section */
	};
	rootObject = 2A6565521BA43E9100C78E81 /* Project object */;
}
